// !$*UTF8*$!
{
	archiveVersion = 1;
	classes = {
	};
	objectVersion = 46;
	objects = {

/* Begin PBXBuildFile section */
		64E0FF55197E056E006B78BF /* Foundation.framework in Frameworks */ = {isa = PBXBuildFile; fileRef = 64E0FF54197E056E006B78BF /* Foundation.framework */; };
		64E0FF57197E056E006B78BF /* CoreGraphics.framework in Frameworks */ = {isa = PBXBuildFile; fileRef = 64E0FF56197E056E006B78BF /* CoreGraphics.framework */; };
		64E0FF59197E056E006B78BF /* UIKit.framework in Frameworks */ = {isa = PBXBuildFile; fileRef = 64E0FF58197E056E006B78BF /* UIKit.framework */; };
		64E0FF5F197E056E006B78BF /* InfoPlist.strings in Resources */ = {isa = PBXBuildFile; fileRef = 64E0FF5D197E056E006B78BF /* InfoPlist.strings */; };
		64E0FF61197E056E006B78BF /* main.m in Sources */ = {isa = PBXBuildFile; fileRef = 64E0FF60197E056E006B78BF /* main.m */; };
		64E0FF65197E056E006B78BF /* AppDelegate.m in Sources */ = {isa = PBXBuildFile; fileRef = 64E0FF64197E056E006B78BF /* AppDelegate.m */; };
		64E0FF68197E056E006B78BF /* Main_iPhone.storyboard in Resources */ = {isa = PBXBuildFile; fileRef = 64E0FF66197E056E006B78BF /* Main_iPhone.storyboard */; };
		64E0FF6B197E056E006B78BF /* Main_iPad.storyboard in Resources */ = {isa = PBXBuildFile; fileRef = 64E0FF69197E056E006B78BF /* Main_iPad.storyboard */; };
		64E0FF6E197E056E006B78BF /* ViewController.m in Sources */ = {isa = PBXBuildFile; fileRef = 64E0FF6D197E056E006B78BF /* ViewController.m */; };
		64E0FF70197E056E006B78BF /* Images.xcassets in Resources */ = {isa = PBXBuildFile; fileRef = 64E0FF6F197E056E006B78BF /* Images.xcassets */; };
		64E0FF77197E056E006B78BF /* XCTest.framework in Frameworks */ = {isa = PBXBuildFile; fileRef = 64E0FF76197E056E006B78BF /* XCTest.framework */; };
		64E0FF78197E056E006B78BF /* Foundation.framework in Frameworks */ = {isa = PBXBuildFile; fileRef = 64E0FF54197E056E006B78BF /* Foundation.framework */; };
		64E0FF79197E056E006B78BF /* UIKit.framework in Frameworks */ = {isa = PBXBuildFile; fileRef = 64E0FF58197E056E006B78BF /* UIKit.framework */; };
		64E0FF81197E056E006B78BF /* InfoPlist.strings in Resources */ = {isa = PBXBuildFile; fileRef = 64E0FF7F197E056E006B78BF /* InfoPlist.strings */; };
		64E0FF83197E056E006B78BF /* InverseLearnTests.m in Sources */ = {isa = PBXBuildFile; fileRef = 64E0FF82197E056E006B78BF /* InverseLearnTests.m */; };
/* End PBXBuildFile section */

/* Begin PBXContainerItemProxy section */
		64E0FF7A197E056E006B78BF /* PBXContainerItemProxy */ = {
			isa = PBXContainerItemProxy;
			containerPortal = 64E0FF49197E056E006B78BF /* Project object */;
			proxyType = 1;
			remoteGlobalIDString = 64E0FF50197E056E006B78BF;
			remoteInfo = InverseLearn;
		};
/* End PBXContainerItemProxy section */

/* Begin PBXFileReference section */
		64E0FF51197E056E006B78BF /* InverseLearn.app */ = {isa = PBXFileReference; explicitFileType = wrapper.application; includeInIndex = 0; path = InverseLearn.app; sourceTree = BUILT_PRODUCTS_DIR; };
		64E0FF54197E056E006B78BF /* Foundation.framework */ = {isa = PBXFileReference; lastKnownFileType = wrapper.framework; name = Foundation.framework; path = System/Library/Frameworks/Foundation.framework; sourceTree = SDKROOT; };
		64E0FF56197E056E006B78BF /* CoreGraphics.framework */ = {isa = PBXFileReference; lastKnownFileType = wrapper.framework; name = CoreGraphics.framework; path = System/Library/Frameworks/CoreGraphics.framework; sourceTree = SDKROOT; };
		64E0FF58197E056E006B78BF /* UIKit.framework */ = {isa = PBXFileReference; lastKnownFileType = wrapper.framework; name = UIKit.framework; path = System/Library/Frameworks/UIKit.framework; sourceTree = SDKROOT; };
		64E0FF5C197E056E006B78BF /* InverseLearn-Info.plist */ = {isa = PBXFileReference; lastKnownFileType = text.plist.xml; path = "InverseLearn-Info.plist"; sourceTree = "<group>"; };
		64E0FF5E197E056E006B78BF /* en */ = {isa = PBXFileReference; lastKnownFileType = text.plist.strings; name = en; path = en.lproj/InfoPlist.strings; sourceTree = "<group>"; };
		64E0FF60197E056E006B78BF /* main.m */ = {isa = PBXFileReference; lastKnownFileType = sourcecode.c.objc; path = main.m; sourceTree = "<group>"; };
		64E0FF62197E056E006B78BF /* InverseLearn-Prefix.pch */ = {isa = PBXFileReference; lastKnownFileType = sourcecode.c.h; path = "InverseLearn-Prefix.pch"; sourceTree = "<group>"; };
		64E0FF63197E056E006B78BF /* AppDelegate.h */ = {isa = PBXFileReference; lastKnownFileType = sourcecode.c.h; path = AppDelegate.h; sourceTree = "<group>"; };
		64E0FF64197E056E006B78BF /* AppDelegate.m */ = {isa = PBXFileReference; lastKnownFileType = sourcecode.c.objc; path = AppDelegate.m; sourceTree = "<group>"; };
		64E0FF67197E056E006B78BF /* Base */ = {isa = PBXFileReference; lastKnownFileType = file.storyboard; name = Base; path = Base.lproj/Main_iPhone.storyboard; sourceTree = "<group>"; };
		64E0FF6A197E056E006B78BF /* Base */ = {isa = PBXFileReference; lastKnownFileType = file.storyboard; name = Base; path = Base.lproj/Main_iPad.storyboard; sourceTree = "<group>"; };
		64E0FF6C197E056E006B78BF /* ViewController.h */ = {isa = PBXFileReference; lastKnownFileType = sourcecode.c.h; path = ViewController.h; sourceTree = "<group>"; };
		64E0FF6D197E056E006B78BF /* ViewController.m */ = {isa = PBXFileReference; lastKnownFileType = sourcecode.c.objc; path = ViewController.m; sourceTree = "<group>"; };
		64E0FF6F197E056E006B78BF /* Images.xcassets */ = {isa = PBXFileReference; lastKnownFileType = folder.assetcatalog; path = Images.xcassets; sourceTree = "<group>"; };
		64E0FF75197E056E006B78BF /* InverseLearnTests.xctest */ = {isa = PBXFileReference; explicitFileType = wrapper.cfbundle; includeInIndex = 0; path = InverseLearnTests.xctest; sourceTree = BUILT_PRODUCTS_DIR; };
		64E0FF76197E056E006B78BF /* XCTest.framework */ = {isa = PBXFileReference; lastKnownFileType = wrapper.framework; name = XCTest.framework; path = Library/Frameworks/XCTest.framework; sourceTree = DEVELOPER_DIR; };
		64E0FF7E197E056E006B78BF /* InverseLearnTests-Info.plist */ = {isa = PBXFileReference; lastKnownFileType = text.plist.xml; path = "InverseLearnTests-Info.plist"; sourceTree = "<group>"; };
		64E0FF80197E056E006B78BF /* en */ = {isa = PBXFileReference; lastKnownFileType = text.plist.strings; name = en; path = en.lproj/InfoPlist.strings; sourceTree = "<group>"; };
		64E0FF82197E056E006B78BF /* InverseLearnTests.m */ = {isa = PBXFileReference; lastKnownFileType = sourcecode.c.objc; path = InverseLearnTests.m; sourceTree = "<group>"; };
/* End PBXFileReference section */

/* Begin PBXFrameworksBuildPhase section */
		64E0FF4E197E056E006B78BF /* Frameworks */ = {
			isa = PBXFrameworksBuildPhase;
			buildActionMask = 2147483647;
			files = (
				64E0FF57197E056E006B78BF /* CoreGraphics.framework in Frameworks */,
				64E0FF59197E056E006B78BF /* UIKit.framework in Frameworks */,
				64E0FF55197E056E006B78BF /* Foundation.framework in Frameworks */,
			);
			runOnlyForDeploymentPostprocessing = 0;
		};
		64E0FF72197E056E006B78BF /* Frameworks */ = {
			isa = PBXFrameworksBuildPhase;
			buildActionMask = 2147483647;
			files = (
				64E0FF77197E056E006B78BF /* XCTest.framework in Frameworks */,
				64E0FF79197E056E006B78BF /* UIKit.framework in Frameworks */,
				64E0FF78197E056E006B78BF /* Foundation.framework in Frameworks */,
			);
			runOnlyForDeploymentPostprocessing = 0;
		};
/* End PBXFrameworksBuildPhase section */

/* Begin PBXGroup section */
		64E0FF48197E056E006B78BF = {
			isa = PBXGroup;
			children = (
				64E0FF5A197E056E006B78BF /* InverseLearn */,
				64E0FF7C197E056E006B78BF /* InverseLearnTests */,
				64E0FF53197E056E006B78BF /* Frameworks */,
				64E0FF52197E056E006B78BF /* Products */,
			);
			sourceTree = "<group>";
		};
		64E0FF52197E056E006B78BF /* Products */ = {
			isa = PBXGroup;
			children = (
				64E0FF51197E056E006B78BF /* InverseLearn.app */,
				64E0FF75197E056E006B78BF /* InverseLearnTests.xctest */,
			);
			name = Products;
			sourceTree = "<group>";
		};
		64E0FF53197E056E006B78BF /* Frameworks */ = {
			isa = PBXGroup;
			children = (
				64E0FF54197E056E006B78BF /* Foundation.framework */,
				64E0FF56197E056E006B78BF /* CoreGraphics.framework */,
				64E0FF58197E056E006B78BF /* UIKit.framework */,
				64E0FF76197E056E006B78BF /* XCTest.framework */,
			);
			name = Frameworks;
			sourceTree = "<group>";
		};
		64E0FF5A197E056E006B78BF /* InverseLearn */ = {
			isa = PBXGroup;
			children = (
				64E0FF63197E056E006B78BF /* AppDelegate.h */,
				64E0FF64197E056E006B78BF /* AppDelegate.m */,
				64E0FF66197E056E006B78BF /* Main_iPhone.storyboard */,
				64E0FF69197E056E006B78BF /* Main_iPad.storyboard */,
				64E0FF6C197E056E006B78BF /* ViewController.h */,
				64E0FF6D197E056E006B78BF /* ViewController.m */,
				64E0FF6F197E056E006B78BF /* Images.xcassets */,
				64E0FF5B197E056E006B78BF /* Supporting Files */,
			);
			path = InverseLearn;
			sourceTree = "<group>";
		};
		64E0FF5B197E056E006B78BF /* Supporting Files */ = {
			isa = PBXGroup;
			children = (
				64E0FF5C197E056E006B78BF /* InverseLearn-Info.plist */,
				64E0FF5D197E056E006B78BF /* InfoPlist.strings */,
				64E0FF60197E056E006B78BF /* main.m */,
				64E0FF62197E056E006B78BF /* InverseLearn-Prefix.pch */,
			);
			name = "Supporting Files";
			sourceTree = "<group>";
		};
		64E0FF7C197E056E006B78BF /* InverseLearnTests */ = {
			isa = PBXGroup;
			children = (
				64E0FF82197E056E006B78BF /* InverseLearnTests.m */,
				64E0FF7D197E056E006B78BF /* Supporting Files */,
			);
			path = InverseLearnTests;
			sourceTree = "<group>";
		};
		64E0FF7D197E056E006B78BF /* Supporting Files */ = {
			isa = PBXGroup;
			children = (
				64E0FF7E197E056E006B78BF /* InverseLearnTests-Info.plist */,
				64E0FF7F197E056E006B78BF /* InfoPlist.strings */,
			);
			name = "Supporting Files";
			sourceTree = "<group>";
		};
/* End PBXGroup section */

/* Begin PBXNativeTarget section */
		64E0FF50197E056E006B78BF /* InverseLearn */ = {
			isa = PBXNativeTarget;
			buildConfigurationList = 64E0FF86197E056E006B78BF /* Build configuration list for PBXNativeTarget "InverseLearn" */;
			buildPhases = (
				64E0FF4D197E056E006B78BF /* Sources */,
				64E0FF4E197E056E006B78BF /* Frameworks */,
				64E0FF4F197E056E006B78BF /* Resources */,
			);
			buildRules = (
			);
			dependencies = (
			);
			name = InverseLearn;
			productName = InverseLearn;
			productReference = 64E0FF51197E056E006B78BF /* InverseLearn.app */;
			productType = "com.apple.product-type.application";
		};
		64E0FF74197E056E006B78BF /* InverseLearnTests */ = {
			isa = PBXNativeTarget;
			buildConfigurationList = 64E0FF89197E056E006B78BF /* Build configuration list for PBXNativeTarget "InverseLearnTests" */;
			buildPhases = (
				64E0FF71197E056E006B78BF /* Sources */,
				64E0FF72197E056E006B78BF /* Frameworks */,
				64E0FF73197E056E006B78BF /* Resources */,
			);
			buildRules = (
			);
			dependencies = (
				64E0FF7B197E056E006B78BF /* PBXTargetDependency */,
			);
			name = InverseLearnTests;
			productName = InverseLearnTests;
			productReference = 64E0FF75197E056E006B78BF /* InverseLearnTests.xctest */;
			productType = "com.apple.product-type.bundle.unit-test";
		};
/* End PBXNativeTarget section */

/* Begin PBXProject section */
		64E0FF49197E056E006B78BF /* Project object */ = {
			isa = PBXProject;
			attributes = {
				LastUpgradeCheck = 0510;
				ORGANIZATIONNAME = DaZhi;
				TargetAttributes = {
					64E0FF74197E056E006B78BF = {
						TestTargetID = 64E0FF50197E056E006B78BF;
					};
				};
			};
			buildConfigurationList = 64E0FF4C197E056E006B78BF /* Build configuration list for PBXProject "InverseLearn" */;
			compatibilityVersion = "Xcode 3.2";
			developmentRegion = English;
			hasScannedForEncodings = 0;
			knownRegions = (
				en,
				Base,
			);
			mainGroup = 64E0FF48197E056E006B78BF;
			productRefGroup = 64E0FF52197E056E006B78BF /* Products */;
			projectDirPath = "";
			projectRoot = "";
			targets = (
				64E0FF50197E056E006B78BF /* InverseLearn */,
				64E0FF74197E056E006B78BF /* InverseLearnTests */,
			);
		};
/* End PBXProject section */

/* Begin PBXResourcesBuildPhase section */
		64E0FF4F197E056E006B78BF /* Resources */ = {
			isa = PBXResourcesBuildPhase;
			buildActionMask = 2147483647;
			files = (
				64E0FF6B197E056E006B78BF /* Main_iPad.storyboard in Resources */,
				64E0FF70197E056E006B78BF /* Images.xcassets in Resources */,
				64E0FF68197E056E006B78BF /* Main_iPhone.storyboard in Resources */,
				64E0FF5F197E056E006B78BF /* InfoPlist.strings in Resources */,
			);
			runOnlyForDeploymentPostprocessing = 0;
		};
		64E0FF73197E056E006B78BF /* Resources */ = {
			isa = PBXResourcesBuildPhase;
			buildActionMask = 2147483647;
			files = (
				64E0FF81197E056E006B78BF /* InfoPlist.strings in Resources */,
			);
			runOnlyForDeploymentPostprocessing = 0;
		};
/* End PBXResourcesBuildPhase section */

/* Begin PBXSourcesBuildPhase section */
		64E0FF4D197E056E006B78BF /* Sources */ = {
			isa = PBXSourcesBuildPhase;
			buildActionMask = 2147483647;
			files = (
				64E0FF6E197E056E006B78BF /* ViewController.m in Sources */,
				64E0FF65197E056E006B78BF /* AppDelegate.m in Sources */,
				64E0FF61197E056E006B78BF /* main.m in Sources */,
			);
			runOnlyForDeploymentPostprocessing = 0;
		};
		64E0FF71197E056E006B78BF /* Sources */ = {
			isa = PBXSourcesBuildPhase;
			buildActionMask = 2147483647;
			files = (
				64E0FF83197E056E006B78BF /* InverseLearnTests.m in Sources */,
			);
			runOnlyForDeploymentPostprocessing = 0;
		};
/* End PBXSourcesBuildPhase section */

/* Begin PBXTargetDependency section */
		64E0FF7B197E056E006B78BF /* PBXTargetDependency */ = {
			isa = PBXTargetDependency;
			target = 64E0FF50197E056E006B78BF /* InverseLearn */;
			targetProxy = 64E0FF7A197E056E006B78BF /* PBXContainerItemProxy */;
		};
/* End PBXTargetDependency section */

/* Begin PBXVariantGroup section */
		64E0FF5D197E056E006B78BF /* InfoPlist.strings */ = {
			isa = PBXVariantGroup;
			children = (
				64E0FF5E197E056E006B78BF /* en */,
			);
			name = InfoPlist.strings;
			sourceTree = "<group>";
		};
		64E0FF66197E056E006B78BF /* Main_iPhone.storyboard */ = {
			isa = PBXVariantGroup;
			children = (
				64E0FF67197E056E006B78BF /* Base */,
			);
			name = Main_iPhone.storyboard;
			sourceTree = "<group>";
		};
		64E0FF69197E056E006B78BF /* Main_iPad.storyboard */ = {
			isa = PBXVariantGroup;
			children = (
				64E0FF6A197E056E006B78BF /* Base */,
			);
			name = Main_iPad.storyboard;
			sourceTree = "<group>";
		};
		64E0FF7F197E056E006B78BF /* InfoPlist.strings */ = {
			isa = PBXVariantGroup;
			children = (
				64E0FF80197E056E006B78BF /* en */,
			);
			name = InfoPlist.strings;
			sourceTree = "<group>";
		};
/* End PBXVariantGroup section */

/* Begin XCBuildConfiguration section */
		64E0FF84197E056E006B78BF /* Debug */ = {
			isa = XCBuildConfiguration;
			buildSettings = {
				ALWAYS_SEARCH_USER_PATHS = NO;
				CLANG_CXX_LANGUAGE_STANDARD = "gnu++0x";
				CLANG_CXX_LIBRARY = "libc++";
				CLANG_ENABLE_MODULES = YES;
				CLANG_ENABLE_OBJC_ARC = YES;
				CLANG_WARN_BOOL_CONVERSION = YES;
				CLANG_WARN_CONSTANT_CONVERSION = YES;
				CLANG_WARN_DIRECT_OBJC_ISA_USAGE = YES_ERROR;
				CLANG_WARN_EMPTY_BODY = YES;
				CLANG_WARN_ENUM_CONVERSION = YES;
				CLANG_WARN_INT_CONVERSION = YES;
				CLANG_WARN_OBJC_ROOT_CLASS = YES_ERROR;
				CLANG_WARN__DUPLICATE_METHOD_MATCH = YES;
				"CODE_SIGN_IDENTITY[sdk=iphoneos*]" = "iPhone Developer";
				COPY_PHASE_STRIP = NO;
				GCC_C_LANGUAGE_STANDARD = gnu99;
				GCC_DYNAMIC_NO_PIC = NO;
				GCC_OPTIMIZATION_LEVEL = 0;
				GCC_PREPROCESSOR_DEFINITIONS = (
					"DEBUG=1",
					"$(inherited)",
				);
				GCC_SYMBOLS_PRIVATE_EXTERN = NO;
				GCC_WARN_64_TO_32_BIT_CONVERSION = YES;
				GCC_WARN_ABOUT_RETURN_TYPE = YES_ERROR;
				GCC_WARN_UNDECLARED_SELECTOR = YES;
				GCC_WARN_UNINITIALIZED_AUTOS = YES_AGGRESSIVE;
				GCC_WARN_UNUSED_FUNCTION = YES;
				GCC_WARN_UNUSED_VARIABLE = YES;
				IPHONEOS_DEPLOYMENT_TARGET = 7.1;
				ONLY_ACTIVE_ARCH = YES;
				SDKROOT = iphoneos;
				TARGETED_DEVICE_FAMILY = "1,2";
			};
			name = Debug;
		};
		64E0FF85197E056E006B78BF /* Release */ = {
			isa = XCBuildConfiguration;
			buildSettings = {
				ALWAYS_SEARCH_USER_PATHS = NO;
				CLANG_CXX_LANGUAGE_STANDARD = "gnu++0x";
				CLANG_CXX_LIBRARY = "libc++";
				CLANG_ENABLE_MODULES = YES;
				CLANG_ENABLE_OBJC_ARC = YES;
				CLANG_WARN_BOOL_CONVERSION = YES;
				CLANG_WARN_CONSTANT_CONVERSION = YES;
				CLANG_WARN_DIRECT_OBJC_ISA_USAGE = YES_ERROR;
				CLANG_WARN_EMPTY_BODY = YES;
				CLANG_WARN_ENUM_CONVERSION = YES;
				CLANG_WARN_INT_CONVERSION = YES;
				CLANG_WARN_OBJC_ROOT_CLASS = YES_ERROR;
				CLANG_WARN__DUPLICATE_METHOD_MATCH = YES;
				"CODE_SIGN_IDENTITY[sdk=iphoneos*]" = "iPhone Developer";
				COPY_PHASE_STRIP = YES;
				ENABLE_NS_ASSERTIONS = NO;
				GCC_C_LANGUAGE_STANDARD = gnu99;
				GCC_WARN_64_TO_32_BIT_CONVERSION = YES;
				GCC_WARN_ABOUT_RETURN_TYPE = YES_ERROR;
				GCC_WARN_UNDECLARED_SELECTOR = YES;
				GCC_WARN_UNINITIALIZED_AUTOS = YES_AGGRESSIVE;
				GCC_WARN_UNUSED_FUNCTION = YES;
				GCC_WARN_UNUSED_VARIABLE = YES;
				IPHONEOS_DEPLOYMENT_TARGET = 7.1;
				SDKROOT = iphoneos;
				TARGETED_DEVICE_FAMILY = "1,2";
				VALIDATE_PRODUCT = YES;
			};
			name = Release;
		};
		64E0FF87197E056E006B78BF /* Debug */ = {
			isa = XCBuildConfiguration;
			buildSettings = {
				ASSETCATALOG_COMPILER_APPICON_NAME = AppIcon;
				ASSETCATALOG_COMPILER_LAUNCHIMAGE_NAME = LaunchImage;
				GCC_PRECOMPILE_PREFIX_HEADER = YES;
				GCC_PREFIX_HEADER = "InverseLearn/InverseLearn-Prefix.pch";
				INFOPLIST_FILE = "InverseLearn/InverseLearn-Info.plist";
				PRODUCT_NAME = "$(TARGET_NAME)";
				WRAPPER_EXTENSION = app;
			};
			name = Debug;
		};
		64E0FF88197E056E006B78BF /* Release */ = {
			isa = XCBuildConfiguration;
			buildSettings = {
				ASSETCATALOG_COMPILER_APPICON_NAME = AppIcon;
				ASSETCATALOG_COMPILER_LAUNCHIMAGE_NAME = LaunchImage;
				GCC_PRECOMPILE_PREFIX_HEADER = YES;
				GCC_PREFIX_HEADER = "InverseLearn/InverseLearn-Prefix.pch";
				INFOPLIST_FILE = "InverseLearn/InverseLearn-Info.plist";
				PRODUCT_NAME = "$(TARGET_NAME)";
				WRAPPER_EXTENSION = app;
			};
			name = Release;
		};
		64E0FF8A197E056E006B78BF /* Debug */ = {
			isa = XCBuildConfiguration;
			buildSettings = {
				BUNDLE_LOADER = "$(BUILT_PRODUCTS_DIR)/InverseLearn.app/InverseLearn";
				FRAMEWORK_SEARCH_PATHS = (
					"$(SDKROOT)/Developer/Library/Frameworks",
					"$(inherited)",
					"$(DEVELOPER_FRAMEWORKS_DIR)",
				);
				GCC_PRECOMPILE_PREFIX_HEADER = YES;
				GCC_PREFIX_HEADER = "InverseLearn/InverseLearn-Prefix.pch";
				GCC_PREPROCESSOR_DEFINITIONS = (
					"DEBUG=1",
					"$(inherited)",
				);
				INFOPLIST_FILE = "InverseLearnTests/InverseLearnTests-Info.plist";
				PRODUCT_NAME = "$(TARGET_NAME)";
				TEST_HOST = "$(BUNDLE_LOADER)";
				WRAPPER_EXTENSION = xctest;
			};
			name = Debug;
		};
		64E0FF8B197E056E006B78BF /* Release */ = {
			isa = XCBuildConfiguration;
			buildSettings = {
				BUNDLE_LOADER = "$(BUILT_PRODUCTS_DIR)/InverseLearn.app/InverseLearn";
				FRAMEWORK_SEARCH_PATHS = (
					"$(SDKROOT)/Developer/Library/Frameworks",
					"$(inherited)",
					"$(DEVELOPER_FRAMEWORKS_DIR)",
				);
				GCC_PRECOMPILE_PREFIX_HEADER = YES;
				GCC_PREFIX_HEADER = "InverseLearn/InverseLearn-Prefix.pch";
				INFOPLIST_FILE = "InverseLearnTests/InverseLearnTests-Info.plist";
				PRODUCT_NAME = "$(TARGET_NAME)";
				TEST_HOST = "$(BUNDLE_LOADER)";
				WRAPPER_EXTENSION = xctest;
			};
			name = Release;
		};
/* End XCBuildConfiguration section */

/* Begin XCConfigurationList section */
		64E0FF4C197E056E006B78BF /* Build configuration list for PBXProject "InverseLearn" */ = {
			isa = XCConfigurationList;
			buildConfigurations = (
				64E0FF84197E056E006B78BF /* Debug */,
				64E0FF85197E056E006B78BF /* Release */,
			);
			defaultConfigurationIsVisible = 0;
			defaultConfigurationName = Release;
		};
		64E0FF86197E056E006B78BF /* Build configuration list for PBXNativeTarget "InverseLearn" */ = {
			isa = XCConfigurationList;
			buildConfigurations = (
				64E0FF87197E056E006B78BF /* Debug */,
				64E0FF88197E056E006B78BF /* Release */,
			);
			defaultConfigurationIsVisible = 0;
		};
		64E0FF89197E056E006B78BF /* Build configuration list for PBXNativeTarget "InverseLearnTests" */ = {
			isa = XCConfigurationList;
			buildConfigurations = (
				64E0FF8A197E056E006B78BF /* Debug */,
				64E0FF8B197E056E006B78BF /* Release */,
			);
			defaultConfigurationIsVisible = 0;
		};
/* End XCConfigurationList section */
	};
	rootObject = 64E0FF49197E056E006B78BF /* Project object */;
}
