// !$*UTF8*$!
{
	archiveVersion = 1;
	classes = {
	};
	objectVersion = 46;
	objects = {

/* Begin PBXBuildFile section */
		1A788BB36EAF46AEAF6F1C9B /* libPods.a in Frameworks */ = {isa = PBXBuildFile; fileRef = 1DAB9A33884140239E6B88D7 /* libPods.a */; };
		6456950E1981DD9400DEF14F /* CQSegmentControl.m in Sources */ = {isa = PBXBuildFile; fileRef = 6456950D1981DD9400DEF14F /* CQSegmentControl.m */; settings = {COMPILER_FLAGS = "-fno-objc-arc"; }; };
		645695161981DF8E00DEF14F /* seg-bg-defualt.png in Resources */ = {isa = PBXBuildFile; fileRef = 6456950F1981DF8E00DEF14F /* seg-bg-defualt.png */; };
		645695171981DF8E00DEF14F /* selectedNo.png in Resources */ = {isa = PBXBuildFile; fileRef = 645695101981DF8E00DEF14F /* selectedNo.png */; };
		645695191981DF8E00DEF14F /* selectedYes.png in Resources */ = {isa = PBXBuildFile; fileRef = 645695121981DF8E00DEF14F /* selectedYes.png */; };
		6456951A1981DF8E00DEF14F /* unSelectNo.png in Resources */ = {isa = PBXBuildFile; fileRef = 645695131981DF8E00DEF14F /* unSelectNo.png */; };
		6456951B1981DF8E00DEF14F /* unSelectYes.png in Resources */ = {isa = PBXBuildFile; fileRef = 645695141981DF8E00DEF14F /* unSelectYes.png */; };
		645695211981E53000DEF14F /* selectedNo@2x.png in Resources */ = {isa = PBXBuildFile; fileRef = 6456951D1981E53000DEF14F /* selectedNo@2x.png */; };
		645695221981E53000DEF14F /* selectedYes@2x.png in Resources */ = {isa = PBXBuildFile; fileRef = 6456951E1981E53000DEF14F /* selectedYes@2x.png */; };
		645695231981E53000DEF14F /* unSelectNo@2x.png in Resources */ = {isa = PBXBuildFile; fileRef = 6456951F1981E53000DEF14F /* unSelectNo@2x.png */; };
		645695241981E53000DEF14F /* unSelectYes@2x.png in Resources */ = {isa = PBXBuildFile; fileRef = 645695201981E53000DEF14F /* unSelectYes@2x.png */; };
		645695271982156800DEF14F /* AppCenterViewController.m in Sources */ = {isa = PBXBuildFile; fileRef = 645695261982156800DEF14F /* AppCenterViewController.m */; };
		6456952A1982181D00DEF14F /* bg_project.png in Resources */ = {isa = PBXBuildFile; fileRef = 645695281982181D00DEF14F /* bg_project.png */; };
		6456952B1982181D00DEF14F /* btn_backLogin.png in Resources */ = {isa = PBXBuildFile; fileRef = 645695291982181D00DEF14F /* btn_backLogin.png */; };
		6456952D1982186900DEF14F /* bg_login.png in Resources */ = {isa = PBXBuildFile; fileRef = 6456952C1982186900DEF14F /* bg_login.png */; };
		645A2A90197F4D500066C901 /* LoginViewController.m in Sources */ = {isa = PBXBuildFile; fileRef = 645A2A8F197F4D500066C901 /* LoginViewController.m */; };
		645A2A92197F84E60066C901 /* QuartzCore.framework in Frameworks */ = {isa = PBXBuildFile; fileRef = 645A2A91197F84E60066C901 /* QuartzCore.framework */; };
		645AD9C719808A83002389D9 /* UserModel.m in Sources */ = {isa = PBXBuildFile; fileRef = 645AD9C619808A83002389D9 /* UserModel.m */; };
		645AD9CA19808AFC002389D9 /* UserViewModel.m in Sources */ = {isa = PBXBuildFile; fileRef = 645AD9C919808AFC002389D9 /* UserViewModel.m */; };
		64930BB119809CF0005FDD9F /* RegisterViewController.m in Sources */ = {isa = PBXBuildFile; fileRef = 64930BB019809CF0005FDD9F /* RegisterViewController.m */; };
		64930BD419809FD1005FDD9F /* app_default@2x.png in Resources */ = {isa = PBXBuildFile; fileRef = 64930BB319809FD1005FDD9F /* app_default@2x.png */; };
		64930BD519809FD1005FDD9F /* app_mentalArithmetic@2x.png in Resources */ = {isa = PBXBuildFile; fileRef = 64930BB419809FD1005FDD9F /* app_mentalArithmetic@2x.png */; };
		64930BD619809FD1005FDD9F /* bg_loading-568h@2x.png in Resources */ = {isa = PBXBuildFile; fileRef = 64930BB519809FD1005FDD9F /* bg_loading-568h@2x.png */; };
		64930BD719809FD1005FDD9F /* bg_loading@2x.png in Resources */ = {isa = PBXBuildFile; fileRef = 64930BB619809FD1005FDD9F /* bg_loading@2x.png */; };
		64930BD819809FD1005FDD9F /* bg_login-568h@2x.png in Resources */ = {isa = PBXBuildFile; fileRef = 64930BB719809FD1005FDD9F /* bg_login-568h@2x.png */; };
		64930BD919809FD1005FDD9F /* bg_login@2x.png in Resources */ = {isa = PBXBuildFile; fileRef = 64930BB819809FD1005FDD9F /* bg_login@2x.png */; };
		64930BDA19809FD1005FDD9F /* bg_project-568h@2x.png in Resources */ = {isa = PBXBuildFile; fileRef = 64930BB919809FD1005FDD9F /* bg_project-568h@2x.png */; };
		64930BDB19809FD1005FDD9F /* bg_project@2x.png in Resources */ = {isa = PBXBuildFile; fileRef = 64930BBA19809FD1005FDD9F /* bg_project@2x.png */; };
		64930BDC19809FD1005FDD9F /* bg_tabbar@2x.png in Resources */ = {isa = PBXBuildFile; fileRef = 64930BBB19809FD1005FDD9F /* bg_tabbar@2x.png */; };
		64930BDD19809FD1005FDD9F /* btn_backLogin_press@2x.png in Resources */ = {isa = PBXBuildFile; fileRef = 64930BBC19809FD1005FDD9F /* btn_backLogin_press@2x.png */; };
		64930BDE19809FD1005FDD9F /* btn_backLogin@2x.png in Resources */ = {isa = PBXBuildFile; fileRef = 64930BBD19809FD1005FDD9F /* btn_backLogin@2x.png */; };
		64930BDF19809FD1005FDD9F /* btn_class_press@2x.png in Resources */ = {isa = PBXBuildFile; fileRef = 64930BBE19809FD1005FDD9F /* btn_class_press@2x.png */; };
		64930BE019809FD1005FDD9F /* btn_class@2x.png in Resources */ = {isa = PBXBuildFile; fileRef = 64930BBF19809FD1005FDD9F /* btn_class@2x.png */; };
		64930BE119809FD1005FDD9F /* btn_info_press@2x.png in Resources */ = {isa = PBXBuildFile; fileRef = 64930BC019809FD1005FDD9F /* btn_info_press@2x.png */; };
		64930BE219809FD1005FDD9F /* btn_info@2x.png in Resources */ = {isa = PBXBuildFile; fileRef = 64930BC119809FD1005FDD9F /* btn_info@2x.png */; };
		64930BE319809FD1005FDD9F /* btn_key_press@2x.png in Resources */ = {isa = PBXBuildFile; fileRef = 64930BC219809FD1005FDD9F /* btn_key_press@2x.png */; };
		64930BE419809FD1005FDD9F /* btn_key@2x.png in Resources */ = {isa = PBXBuildFile; fileRef = 64930BC319809FD1005FDD9F /* btn_key@2x.png */; };
		64930BE519809FD1005FDD9F /* btn_logout_press@2x.png in Resources */ = {isa = PBXBuildFile; fileRef = 64930BC419809FD1005FDD9F /* btn_logout_press@2x.png */; };
		64930BE619809FD1005FDD9F /* btn_logout@2x.png in Resources */ = {isa = PBXBuildFile; fileRef = 64930BC519809FD1005FDD9F /* btn_logout@2x.png */; };
		64930BE719809FD1005FDD9F /* btn_no@2x.png in Resources */ = {isa = PBXBuildFile; fileRef = 64930BC619809FD1005FDD9F /* btn_no@2x.png */; };
		64930BE819809FD1005FDD9F /* btn_outAbout_press@2x.png in Resources */ = {isa = PBXBuildFile; fileRef = 64930BC719809FD1005FDD9F /* btn_outAbout_press@2x.png */; };
		64930BE919809FD1005FDD9F /* btn_outAbout@2x.png in Resources */ = {isa = PBXBuildFile; fileRef = 64930BC819809FD1005FDD9F /* btn_outAbout@2x.png */; };
		64930BEA19809FD1005FDD9F /* btn_submit_press@2x.png in Resources */ = {isa = PBXBuildFile; fileRef = 64930BC919809FD1005FDD9F /* btn_submit_press@2x.png */; };
		64930BEB19809FD1005FDD9F /* btn_submit@2x.png in Resources */ = {isa = PBXBuildFile; fileRef = 64930BCA19809FD1005FDD9F /* btn_submit@2x.png */; };
		64930BEC19809FD1005FDD9F /* btn_toAbout_press@2x.png in Resources */ = {isa = PBXBuildFile; fileRef = 64930BCB19809FD1005FDD9F /* btn_toAbout_press@2x.png */; };
		64930BED19809FD1005FDD9F /* btn_toAbout@2x.png in Resources */ = {isa = PBXBuildFile; fileRef = 64930BCC19809FD1005FDD9F /* btn_toAbout@2x.png */; };
		64930BEE19809FD1005FDD9F /* btn_yes@2x.png in Resources */ = {isa = PBXBuildFile; fileRef = 64930BCD19809FD1005FDD9F /* btn_yes@2x.png */; };
		64930BEF19809FD1005FDD9F /* ico_radio@2x.png in Resources */ = {isa = PBXBuildFile; fileRef = 64930BCE19809FD1005FDD9F /* ico_radio@2x.png */; };
		64930BF019809FD1005FDD9F /* icon_radio_checked@2x.png in Resources */ = {isa = PBXBuildFile; fileRef = 64930BCF19809FD1005FDD9F /* icon_radio_checked@2x.png */; };
		64930BF119809FD1005FDD9F /* logo_404@2x.png in Resources */ = {isa = PBXBuildFile; fileRef = 64930BD019809FD1005FDD9F /* logo_404@2x.png */; };
		64930BF219809FD1005FDD9F /* logo_login@2x.png in Resources */ = {isa = PBXBuildFile; fileRef = 64930BD119809FD1005FDD9F /* logo_login@2x.png */; };
		64930BF319809FD1005FDD9F /* pic_breakLink@2x.png in Resources */ = {isa = PBXBuildFile; fileRef = 64930BD219809FD1005FDD9F /* pic_breakLink@2x.png */; };
		64930BF419809FD1005FDD9F /* pic_line_sawtooth@2x.png in Resources */ = {isa = PBXBuildFile; fileRef = 64930BD319809FD1005FDD9F /* pic_line_sawtooth@2x.png */; };
		64930BF71980A895005FDD9F /* AboutUsViewController.m in Sources */ = {isa = PBXBuildFile; fileRef = 64930BF61980A895005FDD9F /* AboutUsViewController.m */; };
		64930BF91980AD92005FDD9F /* logo_login.png in Resources */ = {isa = PBXBuildFile; fileRef = 64930BF81980AD92005FDD9F /* logo_login.png */; };
		6496CD941986013D002D1247 /* btn_class_press.png in Resources */ = {isa = PBXBuildFile; fileRef = 6496CD8E1986013D002D1247 /* btn_class_press.png */; };
		6496CD951986013D002D1247 /* btn_class.png in Resources */ = {isa = PBXBuildFile; fileRef = 6496CD8F1986013D002D1247 /* btn_class.png */; };
		6496CD961986013D002D1247 /* btn_info_press.png in Resources */ = {isa = PBXBuildFile; fileRef = 6496CD901986013D002D1247 /* btn_info_press.png */; };
		6496CD971986013D002D1247 /* btn_info.png in Resources */ = {isa = PBXBuildFile; fileRef = 6496CD911986013D002D1247 /* btn_info.png */; };
		6496CD981986013D002D1247 /* btn_key_press.png in Resources */ = {isa = PBXBuildFile; fileRef = 6496CD921986013D002D1247 /* btn_key_press.png */; };
		6496CD991986013D002D1247 /* btn_key.png in Resources */ = {isa = PBXBuildFile; fileRef = 6496CD931986013D002D1247 /* btn_key.png */; };
		64E0FF55197E056E006B78BF /* Foundation.framework in Frameworks */ = {isa = PBXBuildFile; fileRef = 64E0FF54197E056E006B78BF /* Foundation.framework */; };
		64E0FF57197E056E006B78BF /* CoreGraphics.framework in Frameworks */ = {isa = PBXBuildFile; fileRef = 64E0FF56197E056E006B78BF /* CoreGraphics.framework */; };
		64E0FF59197E056E006B78BF /* UIKit.framework in Frameworks */ = {isa = PBXBuildFile; fileRef = 64E0FF58197E056E006B78BF /* UIKit.framework */; };
		64E0FF5F197E056E006B78BF /* InfoPlist.strings in Resources */ = {isa = PBXBuildFile; fileRef = 64E0FF5D197E056E006B78BF /* InfoPlist.strings */; };
		64E0FF61197E056E006B78BF /* main.m in Sources */ = {isa = PBXBuildFile; fileRef = 64E0FF60197E056E006B78BF /* main.m */; };
		64E0FF65197E056E006B78BF /* AppDelegate.m in Sources */ = {isa = PBXBuildFile; fileRef = 64E0FF64197E056E006B78BF /* AppDelegate.m */; };
		64E0FF68197E056E006B78BF /* Main_iPhone.storyboard in Resources */ = {isa = PBXBuildFile; fileRef = 64E0FF66197E056E006B78BF /* Main_iPhone.storyboard */; };
		64E0FF6B197E056E006B78BF /* Main_iPad.storyboard in Resources */ = {isa = PBXBuildFile; fileRef = 64E0FF69197E056E006B78BF /* Main_iPad.storyboard */; };
		64E0FF6E197E056E006B78BF /* ViewController.m in Sources */ = {isa = PBXBuildFile; fileRef = 64E0FF6D197E056E006B78BF /* ViewController.m */; };
		64E0FF70197E056E006B78BF /* Images.xcassets in Resources */ = {isa = PBXBuildFile; fileRef = 64E0FF6F197E056E006B78BF /* Images.xcassets */; };
		64E0FF77197E056E006B78BF /* XCTest.framework in Frameworks */ = {isa = PBXBuildFile; fileRef = 64E0FF76197E056E006B78BF /* XCTest.framework */; };
		64E0FF78197E056E006B78BF /* Foundation.framework in Frameworks */ = {isa = PBXBuildFile; fileRef = 64E0FF54197E056E006B78BF /* Foundation.framework */; };
		64E0FF79197E056E006B78BF /* UIKit.framework in Frameworks */ = {isa = PBXBuildFile; fileRef = 64E0FF58197E056E006B78BF /* UIKit.framework */; };
		64E0FF81197E056E006B78BF /* InfoPlist.strings in Resources */ = {isa = PBXBuildFile; fileRef = 64E0FF7F197E056E006B78BF /* InfoPlist.strings */; };
		64E0FF83197E056E006B78BF /* InverseLearnTests.m in Sources */ = {isa = PBXBuildFile; fileRef = 64E0FF82197E056E006B78BF /* InverseLearnTests.m */; };
		64E1BDEF1980DD1A000183E1 /* InsetsTextField.m in Sources */ = {isa = PBXBuildFile; fileRef = 64E1BDEE1980DD1A000183E1 /* InsetsTextField.m */; };
		64E1BDF61980E37C000183E1 /* QRadioButton.m in Sources */ = {isa = PBXBuildFile; fileRef = 64E1BDF11980E37C000183E1 /* QRadioButton.m */; settings = {COMPILER_FLAGS = "-fno-objc-arc"; }; };
		64E1BDF71980E37C000183E1 /* radio_checked.png in Resources */ = {isa = PBXBuildFile; fileRef = 64E1BDF21980E37C000183E1 /* radio_checked.png */; };
		64E1BDF81980E37C000183E1 /* radio_checked@2x.png in Resources */ = {isa = PBXBuildFile; fileRef = 64E1BDF31980E37C000183E1 /* radio_checked@2x.png */; };
		64E1BDF91980E37C000183E1 /* radio_unchecked.png in Resources */ = {isa = PBXBuildFile; fileRef = 64E1BDF41980E37C000183E1 /* radio_unchecked.png */; };
		64E1BDFA1980E37C000183E1 /* radio_unchecked@2x.png in Resources */ = {isa = PBXBuildFile; fileRef = 64E1BDF51980E37C000183E1 /* radio_unchecked@2x.png */; };
		64FA0E3619889BA1001A1E0E /* RootViewController.m in Sources */ = {isa = PBXBuildFile; fileRef = 64FA0E3519889BA1001A1E0E /* RootViewController.m */; };
		64FA0E3919889D37001A1E0E /* DZNavigationController.m in Sources */ = {isa = PBXBuildFile; fileRef = 64FA0E3819889D37001A1E0E /* DZNavigationController.m */; };
		64FA0E3C19889DCC001A1E0E /* DZMenuViewController.m in Sources */ = {isa = PBXBuildFile; fileRef = 64FA0E3B19889DCC001A1E0E /* DZMenuViewController.m */; };
/* End PBXBuildFile section */

/* Begin PBXContainerItemProxy section */
		64E0FF7A197E056E006B78BF /* PBXContainerItemProxy */ = {
			isa = PBXContainerItemProxy;
			containerPortal = 64E0FF49197E056E006B78BF /* Project object */;
			proxyType = 1;
			remoteGlobalIDString = 64E0FF50197E056E006B78BF;
			remoteInfo = InverseLearn;
		};
/* End PBXContainerItemProxy section */

/* Begin PBXFileReference section */
		1DAB9A33884140239E6B88D7 /* libPods.a */ = {isa = PBXFileReference; explicitFileType = archive.ar; includeInIndex = 0; path = libPods.a; sourceTree = BUILT_PRODUCTS_DIR; };
		3FE7A09A5397454781D9C1FE /* Pods.xcconfig */ = {isa = PBXFileReference; includeInIndex = 1; lastKnownFileType = text.xcconfig; name = Pods.xcconfig; path = Pods/Pods.xcconfig; sourceTree = "<group>"; };
		6456950C1981DD9400DEF14F /* CQSegmentControl.h */ = {isa = PBXFileReference; fileEncoding = 4; lastKnownFileType = sourcecode.c.h; path = CQSegmentControl.h; sourceTree = "<group>"; };
		6456950D1981DD9400DEF14F /* CQSegmentControl.m */ = {isa = PBXFileReference; fileEncoding = 4; lastKnownFileType = sourcecode.c.objc; path = CQSegmentControl.m; sourceTree = "<group>"; };
		6456950F1981DF8E00DEF14F /* seg-bg-defualt.png */ = {isa = PBXFileReference; lastKnownFileType = image.png; path = "seg-bg-defualt.png"; sourceTree = "<group>"; };
		645695101981DF8E00DEF14F /* selectedNo.png */ = {isa = PBXFileReference; lastKnownFileType = image.png; path = selectedNo.png; sourceTree = "<group>"; };
		645695121981DF8E00DEF14F /* selectedYes.png */ = {isa = PBXFileReference; lastKnownFileType = image.png; path = selectedYes.png; sourceTree = "<group>"; };
		645695131981DF8E00DEF14F /* unSelectNo.png */ = {isa = PBXFileReference; lastKnownFileType = image.png; path = unSelectNo.png; sourceTree = "<group>"; };
		645695141981DF8E00DEF14F /* unSelectYes.png */ = {isa = PBXFileReference; lastKnownFileType = image.png; path = unSelectYes.png; sourceTree = "<group>"; };
		6456951D1981E53000DEF14F /* selectedNo@2x.png */ = {isa = PBXFileReference; lastKnownFileType = image.png; path = "selectedNo@2x.png"; sourceTree = "<group>"; };
		6456951E1981E53000DEF14F /* selectedYes@2x.png */ = {isa = PBXFileReference; lastKnownFileType = image.png; path = "selectedYes@2x.png"; sourceTree = "<group>"; };
		6456951F1981E53000DEF14F /* unSelectNo@2x.png */ = {isa = PBXFileReference; lastKnownFileType = image.png; path = "unSelectNo@2x.png"; sourceTree = "<group>"; };
		645695201981E53000DEF14F /* unSelectYes@2x.png */ = {isa = PBXFileReference; lastKnownFileType = image.png; path = "unSelectYes@2x.png"; sourceTree = "<group>"; };
		645695251982156800DEF14F /* AppCenterViewController.h */ = {isa = PBXFileReference; fileEncoding = 4; lastKnownFileType = sourcecode.c.h; path = AppCenterViewController.h; sourceTree = "<group>"; };
		645695261982156800DEF14F /* AppCenterViewController.m */ = {isa = PBXFileReference; fileEncoding = 4; lastKnownFileType = sourcecode.c.objc; path = AppCenterViewController.m; sourceTree = "<group>"; };
		645695281982181D00DEF14F /* bg_project.png */ = {isa = PBXFileReference; lastKnownFileType = image.png; path = bg_project.png; sourceTree = "<group>"; };
		645695291982181D00DEF14F /* btn_backLogin.png */ = {isa = PBXFileReference; lastKnownFileType = image.png; path = btn_backLogin.png; sourceTree = "<group>"; };
		6456952C1982186900DEF14F /* bg_login.png */ = {isa = PBXFileReference; lastKnownFileType = image.png; path = bg_login.png; sourceTree = "<group>"; };
		645A2A8E197F4D500066C901 /* LoginViewController.h */ = {isa = PBXFileReference; fileEncoding = 4; lastKnownFileType = sourcecode.c.h; path = LoginViewController.h; sourceTree = "<group>"; };
		645A2A8F197F4D500066C901 /* LoginViewController.m */ = {isa = PBXFileReference; fileEncoding = 4; lastKnownFileType = sourcecode.c.objc; path = LoginViewController.m; sourceTree = "<group>"; };
		645A2A91197F84E60066C901 /* QuartzCore.framework */ = {isa = PBXFileReference; lastKnownFileType = wrapper.framework; name = QuartzCore.framework; path = System/Library/Frameworks/QuartzCore.framework; sourceTree = SDKROOT; };
		645AD9C519808A83002389D9 /* UserModel.h */ = {isa = PBXFileReference; fileEncoding = 4; lastKnownFileType = sourcecode.c.h; path = UserModel.h; sourceTree = "<group>"; };
		645AD9C619808A83002389D9 /* UserModel.m */ = {isa = PBXFileReference; fileEncoding = 4; lastKnownFileType = sourcecode.c.objc; path = UserModel.m; sourceTree = "<group>"; };
		645AD9C819808AFC002389D9 /* UserViewModel.h */ = {isa = PBXFileReference; fileEncoding = 4; lastKnownFileType = sourcecode.c.h; path = UserViewModel.h; sourceTree = "<group>"; };
		645AD9C919808AFC002389D9 /* UserViewModel.m */ = {isa = PBXFileReference; fileEncoding = 4; lastKnownFileType = sourcecode.c.objc; path = UserViewModel.m; sourceTree = "<group>"; };
		64930BAF19809CF0005FDD9F /* RegisterViewController.h */ = {isa = PBXFileReference; fileEncoding = 4; lastKnownFileType = sourcecode.c.h; path = RegisterViewController.h; sourceTree = "<group>"; };
		64930BB019809CF0005FDD9F /* RegisterViewController.m */ = {isa = PBXFileReference; fileEncoding = 4; lastKnownFileType = sourcecode.c.objc; path = RegisterViewController.m; sourceTree = "<group>"; };
		64930BB319809FD1005FDD9F /* app_default@2x.png */ = {isa = PBXFileReference; lastKnownFileType = image.png; path = "app_default@2x.png"; sourceTree = "<group>"; };
		64930BB419809FD1005FDD9F /* app_mentalArithmetic@2x.png */ = {isa = PBXFileReference; lastKnownFileType = image.png; path = "app_mentalArithmetic@2x.png"; sourceTree = "<group>"; };
		64930BB519809FD1005FDD9F /* bg_loading-568h@2x.png */ = {isa = PBXFileReference; lastKnownFileType = image.png; path = "bg_loading-568h@2x.png"; sourceTree = "<group>"; };
		64930BB619809FD1005FDD9F /* bg_loading@2x.png */ = {isa = PBXFileReference; lastKnownFileType = image.png; path = "bg_loading@2x.png"; sourceTree = "<group>"; };
		64930BB719809FD1005FDD9F /* bg_login-568h@2x.png */ = {isa = PBXFileReference; lastKnownFileType = image.png; path = "bg_login-568h@2x.png"; sourceTree = "<group>"; };
		64930BB819809FD1005FDD9F /* bg_login@2x.png */ = {isa = PBXFileReference; lastKnownFileType = image.png; path = "bg_login@2x.png"; sourceTree = "<group>"; };
		64930BB919809FD1005FDD9F /* bg_project-568h@2x.png */ = {isa = PBXFileReference; lastKnownFileType = image.png; path = "bg_project-568h@2x.png"; sourceTree = "<group>"; };
		64930BBA19809FD1005FDD9F /* bg_project@2x.png */ = {isa = PBXFileReference; lastKnownFileType = image.png; path = "bg_project@2x.png"; sourceTree = "<group>"; };
		64930BBB19809FD1005FDD9F /* bg_tabbar@2x.png */ = {isa = PBXFileReference; lastKnownFileType = image.png; path = "bg_tabbar@2x.png"; sourceTree = "<group>"; };
		64930BBC19809FD1005FDD9F /* btn_backLogin_press@2x.png */ = {isa = PBXFileReference; lastKnownFileType = image.png; path = "btn_backLogin_press@2x.png"; sourceTree = "<group>"; };
		64930BBD19809FD1005FDD9F /* btn_backLogin@2x.png */ = {isa = PBXFileReference; lastKnownFileType = image.png; path = "btn_backLogin@2x.png"; sourceTree = "<group>"; };
		64930BBE19809FD1005FDD9F /* btn_class_press@2x.png */ = {isa = PBXFileReference; lastKnownFileType = image.png; path = "btn_class_press@2x.png"; sourceTree = "<group>"; };
		64930BBF19809FD1005FDD9F /* btn_class@2x.png */ = {isa = PBXFileReference; lastKnownFileType = image.png; path = "btn_class@2x.png"; sourceTree = "<group>"; };
		64930BC019809FD1005FDD9F /* btn_info_press@2x.png */ = {isa = PBXFileReference; lastKnownFileType = image.png; path = "btn_info_press@2x.png"; sourceTree = "<group>"; };
		64930BC119809FD1005FDD9F /* btn_info@2x.png */ = {isa = PBXFileReference; lastKnownFileType = image.png; path = "btn_info@2x.png"; sourceTree = "<group>"; };
		64930BC219809FD1005FDD9F /* btn_key_press@2x.png */ = {isa = PBXFileReference; lastKnownFileType = image.png; path = "btn_key_press@2x.png"; sourceTree = "<group>"; };
		64930BC319809FD1005FDD9F /* btn_key@2x.png */ = {isa = PBXFileReference; lastKnownFileType = image.png; path = "btn_key@2x.png"; sourceTree = "<group>"; };
		64930BC419809FD1005FDD9F /* btn_logout_press@2x.png */ = {isa = PBXFileReference; lastKnownFileType = image.png; path = "btn_logout_press@2x.png"; sourceTree = "<group>"; };
		64930BC519809FD1005FDD9F /* btn_logout@2x.png */ = {isa = PBXFileReference; lastKnownFileType = image.png; path = "btn_logout@2x.png"; sourceTree = "<group>"; };
		64930BC619809FD1005FDD9F /* btn_no@2x.png */ = {isa = PBXFileReference; lastKnownFileType = image.png; path = "btn_no@2x.png"; sourceTree = "<group>"; };
		64930BC719809FD1005FDD9F /* btn_outAbout_press@2x.png */ = {isa = PBXFileReference; lastKnownFileType = image.png; path = "btn_outAbout_press@2x.png"; sourceTree = "<group>"; };
		64930BC819809FD1005FDD9F /* btn_outAbout@2x.png */ = {isa = PBXFileReference; lastKnownFileType = image.png; path = "btn_outAbout@2x.png"; sourceTree = "<group>"; };
		64930BC919809FD1005FDD9F /* btn_submit_press@2x.png */ = {isa = PBXFileReference; lastKnownFileType = image.png; path = "btn_submit_press@2x.png"; sourceTree = "<group>"; };
		64930BCA19809FD1005FDD9F /* btn_submit@2x.png */ = {isa = PBXFileReference; lastKnownFileType = image.png; path = "btn_submit@2x.png"; sourceTree = "<group>"; };
		64930BCB19809FD1005FDD9F /* btn_toAbout_press@2x.png */ = {isa = PBXFileReference; lastKnownFileType = image.png; path = "btn_toAbout_press@2x.png"; sourceTree = "<group>"; };
		64930BCC19809FD1005FDD9F /* btn_toAbout@2x.png */ = {isa = PBXFileReference; lastKnownFileType = image.png; path = "btn_toAbout@2x.png"; sourceTree = "<group>"; };
		64930BCD19809FD1005FDD9F /* btn_yes@2x.png */ = {isa = PBXFileReference; lastKnownFileType = image.png; path = "btn_yes@2x.png"; sourceTree = "<group>"; };
		64930BCE19809FD1005FDD9F /* ico_radio@2x.png */ = {isa = PBXFileReference; lastKnownFileType = image.png; path = "ico_radio@2x.png"; sourceTree = "<group>"; };
		64930BCF19809FD1005FDD9F /* icon_radio_checked@2x.png */ = {isa = PBXFileReference; lastKnownFileType = image.png; path = "icon_radio_checked@2x.png"; sourceTree = "<group>"; };
		64930BD019809FD1005FDD9F /* logo_404@2x.png */ = {isa = PBXFileReference; lastKnownFileType = image.png; path = "logo_404@2x.png"; sourceTree = "<group>"; };
		64930BD119809FD1005FDD9F /* logo_login@2x.png */ = {isa = PBXFileReference; lastKnownFileType = image.png; path = "logo_login@2x.png"; sourceTree = "<group>"; };
		64930BD219809FD1005FDD9F /* pic_breakLink@2x.png */ = {isa = PBXFileReference; lastKnownFileType = image.png; path = "pic_breakLink@2x.png"; sourceTree = "<group>"; };
		64930BD319809FD1005FDD9F /* pic_line_sawtooth@2x.png */ = {isa = PBXFileReference; lastKnownFileType = image.png; path = "pic_line_sawtooth@2x.png"; sourceTree = "<group>"; };
		64930BF51980A895005FDD9F /* AboutUsViewController.h */ = {isa = PBXFileReference; fileEncoding = 4; lastKnownFileType = sourcecode.c.h; path = AboutUsViewController.h; sourceTree = "<group>"; };
		64930BF61980A895005FDD9F /* AboutUsViewController.m */ = {isa = PBXFileReference; fileEncoding = 4; lastKnownFileType = sourcecode.c.objc; path = AboutUsViewController.m; sourceTree = "<group>"; };
		64930BF81980AD92005FDD9F /* logo_login.png */ = {isa = PBXFileReference; lastKnownFileType = image.png; path = logo_login.png; sourceTree = "<group>"; };
		6496CD8E1986013D002D1247 /* btn_class_press.png */ = {isa = PBXFileReference; lastKnownFileType = image.png; path = btn_class_press.png; sourceTree = "<group>"; };
		6496CD8F1986013D002D1247 /* btn_class.png */ = {isa = PBXFileReference; lastKnownFileType = image.png; path = btn_class.png; sourceTree = "<group>"; };
		6496CD901986013D002D1247 /* btn_info_press.png */ = {isa = PBXFileReference; lastKnownFileType = image.png; path = btn_info_press.png; sourceTree = "<group>"; };
		6496CD911986013D002D1247 /* btn_info.png */ = {isa = PBXFileReference; lastKnownFileType = image.png; path = btn_info.png; sourceTree = "<group>"; };
		6496CD921986013D002D1247 /* btn_key_press.png */ = {isa = PBXFileReference; lastKnownFileType = image.png; path = btn_key_press.png; sourceTree = "<group>"; };
		6496CD931986013D002D1247 /* btn_key.png */ = {isa = PBXFileReference; lastKnownFileType = image.png; path = btn_key.png; sourceTree = "<group>"; };
		64E0FF51197E056E006B78BF /* InverseLearn.app */ = {isa = PBXFileReference; explicitFileType = wrapper.application; includeInIndex = 0; path = InverseLearn.app; sourceTree = BUILT_PRODUCTS_DIR; };
		64E0FF54197E056E006B78BF /* Foundation.framework */ = {isa = PBXFileReference; lastKnownFileType = wrapper.framework; name = Foundation.framework; path = System/Library/Frameworks/Foundation.framework; sourceTree = SDKROOT; };
		64E0FF56197E056E006B78BF /* CoreGraphics.framework */ = {isa = PBXFileReference; lastKnownFileType = wrapper.framework; name = CoreGraphics.framework; path = System/Library/Frameworks/CoreGraphics.framework; sourceTree = SDKROOT; };
		64E0FF58197E056E006B78BF /* UIKit.framework */ = {isa = PBXFileReference; lastKnownFileType = wrapper.framework; name = UIKit.framework; path = System/Library/Frameworks/UIKit.framework; sourceTree = SDKROOT; };
		64E0FF5C197E056E006B78BF /* InverseLearn-Info.plist */ = {isa = PBXFileReference; lastKnownFileType = text.plist.xml; path = "InverseLearn-Info.plist"; sourceTree = "<group>"; };
		64E0FF5E197E056E006B78BF /* en */ = {isa = PBXFileReference; lastKnownFileType = text.plist.strings; name = en; path = en.lproj/InfoPlist.strings; sourceTree = "<group>"; };
		64E0FF60197E056E006B78BF /* main.m */ = {isa = PBXFileReference; lastKnownFileType = sourcecode.c.objc; path = main.m; sourceTree = "<group>"; };
		64E0FF62197E056E006B78BF /* InverseLearn-Prefix.pch */ = {isa = PBXFileReference; lastKnownFileType = sourcecode.c.h; path = "InverseLearn-Prefix.pch"; sourceTree = "<group>"; };
		64E0FF63197E056E006B78BF /* AppDelegate.h */ = {isa = PBXFileReference; lastKnownFileType = sourcecode.c.h; path = AppDelegate.h; sourceTree = "<group>"; };
		64E0FF64197E056E006B78BF /* AppDelegate.m */ = {isa = PBXFileReference; lastKnownFileType = sourcecode.c.objc; path = AppDelegate.m; sourceTree = "<group>"; };
		64E0FF67197E056E006B78BF /* Base */ = {isa = PBXFileReference; lastKnownFileType = file.storyboard; name = Base; path = Base.lproj/Main_iPhone.storyboard; sourceTree = "<group>"; };
		64E0FF6A197E056E006B78BF /* Base */ = {isa = PBXFileReference; lastKnownFileType = file.storyboard; name = Base; path = Base.lproj/Main_iPad.storyboard; sourceTree = "<group>"; };
		64E0FF6C197E056E006B78BF /* ViewController.h */ = {isa = PBXFileReference; lastKnownFileType = sourcecode.c.h; path = ViewController.h; sourceTree = "<group>"; };
		64E0FF6D197E056E006B78BF /* ViewController.m */ = {isa = PBXFileReference; lastKnownFileType = sourcecode.c.objc; path = ViewController.m; sourceTree = "<group>"; };
		64E0FF6F197E056E006B78BF /* Images.xcassets */ = {isa = PBXFileReference; lastKnownFileType = folder.assetcatalog; path = Images.xcassets; sourceTree = "<group>"; };
		64E0FF75197E056E006B78BF /* InverseLearnTests.xctest */ = {isa = PBXFileReference; explicitFileType = wrapper.cfbundle; includeInIndex = 0; path = InverseLearnTests.xctest; sourceTree = BUILT_PRODUCTS_DIR; };
		64E0FF76197E056E006B78BF /* XCTest.framework */ = {isa = PBXFileReference; lastKnownFileType = wrapper.framework; name = XCTest.framework; path = Library/Frameworks/XCTest.framework; sourceTree = DEVELOPER_DIR; };
		64E0FF7E197E056E006B78BF /* InverseLearnTests-Info.plist */ = {isa = PBXFileReference; lastKnownFileType = text.plist.xml; path = "InverseLearnTests-Info.plist"; sourceTree = "<group>"; };
		64E0FF80197E056E006B78BF /* en */ = {isa = PBXFileReference; lastKnownFileType = text.plist.strings; name = en; path = en.lproj/InfoPlist.strings; sourceTree = "<group>"; };
		64E0FF82197E056E006B78BF /* InverseLearnTests.m */ = {isa = PBXFileReference; lastKnownFileType = sourcecode.c.objc; path = InverseLearnTests.m; sourceTree = "<group>"; };
		64E0FF8C197E0838006B78BF /* libPods-AFNetworking.a */ = {isa = PBXFileReference; lastKnownFileType = archive.ar; name = "libPods-AFNetworking.a"; path = "Pods/build/Debug-iphoneos/libPods-AFNetworking.a"; sourceTree = "<group>"; };
		64E1BDED1980DD1A000183E1 /* InsetsTextField.h */ = {isa = PBXFileReference; fileEncoding = 4; lastKnownFileType = sourcecode.c.h; path = InsetsTextField.h; sourceTree = "<group>"; };
		64E1BDEE1980DD1A000183E1 /* InsetsTextField.m */ = {isa = PBXFileReference; fileEncoding = 4; lastKnownFileType = sourcecode.c.objc; path = InsetsTextField.m; sourceTree = "<group>"; };
		64E1BDF01980E37C000183E1 /* QRadioButton.h */ = {isa = PBXFileReference; fileEncoding = 4; lastKnownFileType = sourcecode.c.h; path = QRadioButton.h; sourceTree = "<group>"; };
		64E1BDF11980E37C000183E1 /* QRadioButton.m */ = {isa = PBXFileReference; fileEncoding = 4; lastKnownFileType = sourcecode.c.objc; path = QRadioButton.m; sourceTree = "<group>"; };
		64E1BDF21980E37C000183E1 /* radio_checked.png */ = {isa = PBXFileReference; lastKnownFileType = image.png; path = radio_checked.png; sourceTree = "<group>"; };
		64E1BDF31980E37C000183E1 /* radio_checked@2x.png */ = {isa = PBXFileReference; lastKnownFileType = image.png; path = "radio_checked@2x.png"; sourceTree = "<group>"; };
		64E1BDF41980E37C000183E1 /* radio_unchecked.png */ = {isa = PBXFileReference; lastKnownFileType = image.png; path = radio_unchecked.png; sourceTree = "<group>"; };
		64E1BDF51980E37C000183E1 /* radio_unchecked@2x.png */ = {isa = PBXFileReference; lastKnownFileType = image.png; path = "radio_unchecked@2x.png"; sourceTree = "<group>"; };
		64FA0E3419889BA1001A1E0E /* RootViewController.h */ = {isa = PBXFileReference; fileEncoding = 4; lastKnownFileType = sourcecode.c.h; path = RootViewController.h; sourceTree = "<group>"; };
		64FA0E3519889BA1001A1E0E /* RootViewController.m */ = {isa = PBXFileReference; fileEncoding = 4; lastKnownFileType = sourcecode.c.objc; path = RootViewController.m; sourceTree = "<group>"; };
		64FA0E3719889D37001A1E0E /* DZNavigationController.h */ = {isa = PBXFileReference; fileEncoding = 4; lastKnownFileType = sourcecode.c.h; path = DZNavigationController.h; sourceTree = "<group>"; };
		64FA0E3819889D37001A1E0E /* DZNavigationController.m */ = {isa = PBXFileReference; fileEncoding = 4; lastKnownFileType = sourcecode.c.objc; path = DZNavigationController.m; sourceTree = "<group>"; };
		64FA0E3A19889DCC001A1E0E /* DZMenuViewController.h */ = {isa = PBXFileReference; fileEncoding = 4; lastKnownFileType = sourcecode.c.h; path = DZMenuViewController.h; sourceTree = "<group>"; };
		64FA0E3B19889DCC001A1E0E /* DZMenuViewController.m */ = {isa = PBXFileReference; fileEncoding = 4; lastKnownFileType = sourcecode.c.objc; path = DZMenuViewController.m; sourceTree = "<group>"; };
/* End PBXFileReference section */

/* Begin PBXFrameworksBuildPhase section */
		64E0FF4E197E056E006B78BF /* Frameworks */ = {
			isa = PBXFrameworksBuildPhase;
			buildActionMask = 2147483647;
			files = (
				645A2A92197F84E60066C901 /* QuartzCore.framework in Frameworks */,
				64E0FF57197E056E006B78BF /* CoreGraphics.framework in Frameworks */,
				64E0FF59197E056E006B78BF /* UIKit.framework in Frameworks */,
				64E0FF55197E056E006B78BF /* Foundation.framework in Frameworks */,
				1A788BB36EAF46AEAF6F1C9B /* libPods.a in Frameworks */,
			);
			runOnlyForDeploymentPostprocessing = 0;
		};
		64E0FF72197E056E006B78BF /* Frameworks */ = {
			isa = PBXFrameworksBuildPhase;
			buildActionMask = 2147483647;
			files = (
				64E0FF77197E056E006B78BF /* XCTest.framework in Frameworks */,
				64E0FF79197E056E006B78BF /* UIKit.framework in Frameworks */,
				64E0FF78197E056E006B78BF /* Foundation.framework in Frameworks */,
			);
			runOnlyForDeploymentPostprocessing = 0;
		};
/* End PBXFrameworksBuildPhase section */

/* Begin PBXGroup section */
		645A2A89197F4A770066C901 /* Classes */ = {
			isa = PBXGroup;
			children = (
				645A2A8A197F4A950066C901 /* iPhone */,
			);
			path = Classes;
			sourceTree = "<group>";
		};
		645A2A8A197F4A950066C901 /* iPhone */ = {
			isa = PBXGroup;
			children = (
				64E1BDEC1980DCEC000183E1 /* Custom */,
				645A2A8D197F4CCD0066C901 /* ViewModel */,
				645A2A8C197F4CB90066C901 /* Controller */,
				645A2A8B197F4B080066C901 /* Model */,
			);
			path = iPhone;
			sourceTree = "<group>";
		};
		645A2A8B197F4B080066C901 /* Model */ = {
			isa = PBXGroup;
			children = (
				645AD9C519808A83002389D9 /* UserModel.h */,
				645AD9C619808A83002389D9 /* UserModel.m */,
			);
			path = Model;
			sourceTree = "<group>";
		};
		645A2A8C197F4CB90066C901 /* Controller */ = {
			isa = PBXGroup;
			children = (
				64FA0E3A19889DCC001A1E0E /* DZMenuViewController.h */,
				64FA0E3B19889DCC001A1E0E /* DZMenuViewController.m */,
				64FA0E3719889D37001A1E0E /* DZNavigationController.h */,
				64FA0E3819889D37001A1E0E /* DZNavigationController.m */,
				64FA0E3419889BA1001A1E0E /* RootViewController.h */,
				64FA0E3519889BA1001A1E0E /* RootViewController.m */,
				645A2A8E197F4D500066C901 /* LoginViewController.h */,
				645A2A8F197F4D500066C901 /* LoginViewController.m */,
				64930BAF19809CF0005FDD9F /* RegisterViewController.h */,
				64930BB019809CF0005FDD9F /* RegisterViewController.m */,
				64930BF51980A895005FDD9F /* AboutUsViewController.h */,
				64930BF61980A895005FDD9F /* AboutUsViewController.m */,
				645695251982156800DEF14F /* AppCenterViewController.h */,
				645695261982156800DEF14F /* AppCenterViewController.m */,
			);
			path = Controller;
			sourceTree = "<group>";
		};
		645A2A8D197F4CCD0066C901 /* ViewModel */ = {
			isa = PBXGroup;
			children = (
				645AD9C819808AFC002389D9 /* UserViewModel.h */,
				645AD9C919808AFC002389D9 /* UserViewModel.m */,
			);
			path = ViewModel;
			sourceTree = "<group>";
		};
		64930BB219809F80005FDD9F /* Resources */ = {
			isa = PBXGroup;
			children = (
				6496CD8E1986013D002D1247 /* btn_class_press.png */,
				6496CD8F1986013D002D1247 /* btn_class.png */,
				6496CD901986013D002D1247 /* btn_info_press.png */,
				6496CD911986013D002D1247 /* btn_info.png */,
				6496CD921986013D002D1247 /* btn_key_press.png */,
				6496CD931986013D002D1247 /* btn_key.png */,
				6456952C1982186900DEF14F /* bg_login.png */,
				645695281982181D00DEF14F /* bg_project.png */,
				645695291982181D00DEF14F /* btn_backLogin.png */,
				6456951D1981E53000DEF14F /* selectedNo@2x.png */,
				6456951E1981E53000DEF14F /* selectedYes@2x.png */,
				6456951F1981E53000DEF14F /* unSelectNo@2x.png */,
				645695201981E53000DEF14F /* unSelectYes@2x.png */,
				6456950F1981DF8E00DEF14F /* seg-bg-defualt.png */,
				645695101981DF8E00DEF14F /* selectedNo.png */,
				645695121981DF8E00DEF14F /* selectedYes.png */,
				645695131981DF8E00DEF14F /* unSelectNo.png */,
				645695141981DF8E00DEF14F /* unSelectYes.png */,
				64930BF81980AD92005FDD9F /* logo_login.png */,
				64930BB319809FD1005FDD9F /* app_default@2x.png */,
				64930BB419809FD1005FDD9F /* app_mentalArithmetic@2x.png */,
				64930BB519809FD1005FDD9F /* bg_loading-568h@2x.png */,
				64930BB619809FD1005FDD9F /* bg_loading@2x.png */,
				64930BB719809FD1005FDD9F /* bg_login-568h@2x.png */,
				64930BB819809FD1005FDD9F /* bg_login@2x.png */,
				64930BB919809FD1005FDD9F /* bg_project-568h@2x.png */,
				64930BBA19809FD1005FDD9F /* bg_project@2x.png */,
				64930BBB19809FD1005FDD9F /* bg_tabbar@2x.png */,
				64930BBC19809FD1005FDD9F /* btn_backLogin_press@2x.png */,
				64930BBD19809FD1005FDD9F /* btn_backLogin@2x.png */,
				64930BBE19809FD1005FDD9F /* btn_class_press@2x.png */,
				64930BBF19809FD1005FDD9F /* btn_class@2x.png */,
				64930BC019809FD1005FDD9F /* btn_info_press@2x.png */,
				64930BC119809FD1005FDD9F /* btn_info@2x.png */,
				64930BC219809FD1005FDD9F /* btn_key_press@2x.png */,
				64930BC319809FD1005FDD9F /* btn_key@2x.png */,
				64930BC419809FD1005FDD9F /* btn_logout_press@2x.png */,
				64930BC519809FD1005FDD9F /* btn_logout@2x.png */,
				64930BC619809FD1005FDD9F /* btn_no@2x.png */,
				64930BC719809FD1005FDD9F /* btn_outAbout_press@2x.png */,
				64930BC819809FD1005FDD9F /* btn_outAbout@2x.png */,
				64930BC919809FD1005FDD9F /* btn_submit_press@2x.png */,
				64930BCA19809FD1005FDD9F /* btn_submit@2x.png */,
				64930BCB19809FD1005FDD9F /* btn_toAbout_press@2x.png */,
				64930BCC19809FD1005FDD9F /* btn_toAbout@2x.png */,
				64930BCD19809FD1005FDD9F /* btn_yes@2x.png */,
				64930BCE19809FD1005FDD9F /* ico_radio@2x.png */,
				64930BCF19809FD1005FDD9F /* icon_radio_checked@2x.png */,
				64930BD019809FD1005FDD9F /* logo_404@2x.png */,
				64930BD119809FD1005FDD9F /* logo_login@2x.png */,
				64930BD219809FD1005FDD9F /* pic_breakLink@2x.png */,
				64930BD319809FD1005FDD9F /* pic_line_sawtooth@2x.png */,
			);
			path = Resources;
			sourceTree = "<group>";
		};
		64E0FF48197E056E006B78BF = {
			isa = PBXGroup;
			children = (
				64E0FF5A197E056E006B78BF /* InverseLearn */,
				64E0FF7C197E056E006B78BF /* InverseLearnTests */,
				64E0FF53197E056E006B78BF /* Frameworks */,
				64E0FF52197E056E006B78BF /* Products */,
				3FE7A09A5397454781D9C1FE /* Pods.xcconfig */,
			);
			sourceTree = "<group>";
		};
		64E0FF52197E056E006B78BF /* Products */ = {
			isa = PBXGroup;
			children = (
				64E0FF51197E056E006B78BF /* InverseLearn.app */,
				64E0FF75197E056E006B78BF /* InverseLearnTests.xctest */,
			);
			name = Products;
			sourceTree = "<group>";
		};
		64E0FF53197E056E006B78BF /* Frameworks */ = {
			isa = PBXGroup;
			children = (
				645A2A91197F84E60066C901 /* QuartzCore.framework */,
				64E0FF8C197E0838006B78BF /* libPods-AFNetworking.a */,
				64E0FF54197E056E006B78BF /* Foundation.framework */,
				64E0FF56197E056E006B78BF /* CoreGraphics.framework */,
				64E0FF58197E056E006B78BF /* UIKit.framework */,
				64E0FF76197E056E006B78BF /* XCTest.framework */,
				1DAB9A33884140239E6B88D7 /* libPods.a */,
			);
			name = Frameworks;
			sourceTree = "<group>";
		};
		64E0FF5A197E056E006B78BF /* InverseLearn */ = {
			isa = PBXGroup;
			children = (
				64930BB219809F80005FDD9F /* Resources */,
				645A2A89197F4A770066C901 /* Classes */,
				64E0FF63197E056E006B78BF /* AppDelegate.h */,
				64E0FF64197E056E006B78BF /* AppDelegate.m */,
				64E0FF66197E056E006B78BF /* Main_iPhone.storyboard */,
				64E0FF69197E056E006B78BF /* Main_iPad.storyboard */,
				64E0FF6C197E056E006B78BF /* ViewController.h */,
				64E0FF6D197E056E006B78BF /* ViewController.m */,
				64E0FF6F197E056E006B78BF /* Images.xcassets */,
				64E0FF5B197E056E006B78BF /* Supporting Files */,
			);
			path = InverseLearn;
			sourceTree = "<group>";
		};
		64E0FF5B197E056E006B78BF /* Supporting Files */ = {
			isa = PBXGroup;
			children = (
				64E0FF5C197E056E006B78BF /* InverseLearn-Info.plist */,
				64E0FF5D197E056E006B78BF /* InfoPlist.strings */,
				64E0FF60197E056E006B78BF /* main.m */,
				64E0FF62197E056E006B78BF /* InverseLearn-Prefix.pch */,
			);
			name = "Supporting Files";
			sourceTree = "<group>";
		};
		64E0FF7C197E056E006B78BF /* InverseLearnTests */ = {
			isa = PBXGroup;
			children = (
				64E0FF82197E056E006B78BF /* InverseLearnTests.m */,
				64E0FF7D197E056E006B78BF /* Supporting Files */,
			);
			path = InverseLearnTests;
			sourceTree = "<group>";
		};
		64E0FF7D197E056E006B78BF /* Supporting Files */ = {
			isa = PBXGroup;
			children = (
				64E0FF7E197E056E006B78BF /* InverseLearnTests-Info.plist */,
				64E0FF7F197E056E006B78BF /* InfoPlist.strings */,
			);
			name = "Supporting Files";
			sourceTree = "<group>";
		};
		64E1BDEC1980DCEC000183E1 /* Custom */ = {
			isa = PBXGroup;
			children = (
				6456950C1981DD9400DEF14F /* CQSegmentControl.h */,
				6456950D1981DD9400DEF14F /* CQSegmentControl.m */,
				64E1BDF01980E37C000183E1 /* QRadioButton.h */,
				64E1BDF11980E37C000183E1 /* QRadioButton.m */,
				64E1BDF21980E37C000183E1 /* radio_checked.png */,
				64E1BDF31980E37C000183E1 /* radio_checked@2x.png */,
				64E1BDF41980E37C000183E1 /* radio_unchecked.png */,
				64E1BDF51980E37C000183E1 /* radio_unchecked@2x.png */,
				64E1BDED1980DD1A000183E1 /* InsetsTextField.h */,
				64E1BDEE1980DD1A000183E1 /* InsetsTextField.m */,
			);
			path = Custom;
			sourceTree = "<group>";
		};
/* End PBXGroup section */

/* Begin PBXNativeTarget section */
		64E0FF50197E056E006B78BF /* InverseLearn */ = {
			isa = PBXNativeTarget;
			buildConfigurationList = 64E0FF86197E056E006B78BF /* Build configuration list for PBXNativeTarget "InverseLearn" */;
			buildPhases = (
				F59D70E518F94348A0A0DDF0 /* Check Pods Manifest.lock */,
				64E0FF4D197E056E006B78BF /* Sources */,
				64E0FF4E197E056E006B78BF /* Frameworks */,
				64E0FF4F197E056E006B78BF /* Resources */,
				9FA582DF79B8441083EC3A36 /* Copy Pods Resources */,
			);
			buildRules = (
			);
			dependencies = (
			);
			name = InverseLearn;
			productName = InverseLearn;
			productReference = 64E0FF51197E056E006B78BF /* InverseLearn.app */;
			productType = "com.apple.product-type.application";
		};
		64E0FF74197E056E006B78BF /* InverseLearnTests */ = {
			isa = PBXNativeTarget;
			buildConfigurationList = 64E0FF89197E056E006B78BF /* Build configuration list for PBXNativeTarget "InverseLearnTests" */;
			buildPhases = (
				64E0FF71197E056E006B78BF /* Sources */,
				64E0FF72197E056E006B78BF /* Frameworks */,
				64E0FF73197E056E006B78BF /* Resources */,
			);
			buildRules = (
			);
			dependencies = (
				64E0FF7B197E056E006B78BF /* PBXTargetDependency */,
			);
			name = InverseLearnTests;
			productName = InverseLearnTests;
			productReference = 64E0FF75197E056E006B78BF /* InverseLearnTests.xctest */;
			productType = "com.apple.product-type.bundle.unit-test";
		};
/* End PBXNativeTarget section */

/* Begin PBXProject section */
		64E0FF49197E056E006B78BF /* Project object */ = {
			isa = PBXProject;
			attributes = {
				LastUpgradeCheck = 0510;
				ORGANIZATIONNAME = DaZhi;
				TargetAttributes = {
					64E0FF50197E056E006B78BF = {
						DevelopmentTeam = F5V29E887X;
					};
					64E0FF74197E056E006B78BF = {
						TestTargetID = 64E0FF50197E056E006B78BF;
					};
				};
			};
			buildConfigurationList = 64E0FF4C197E056E006B78BF /* Build configuration list for PBXProject "InverseLearn" */;
			compatibilityVersion = "Xcode 3.2";
			developmentRegion = English;
			hasScannedForEncodings = 0;
			knownRegions = (
				en,
				Base,
			);
			mainGroup = 64E0FF48197E056E006B78BF;
			productRefGroup = 64E0FF52197E056E006B78BF /* Products */;
			projectDirPath = "";
			projectRoot = "";
			targets = (
				64E0FF50197E056E006B78BF /* InverseLearn */,
				64E0FF74197E056E006B78BF /* InverseLearnTests */,
			);
		};
/* End PBXProject section */

/* Begin PBXResourcesBuildPhase section */
		64E0FF4F197E056E006B78BF /* Resources */ = {
			isa = PBXResourcesBuildPhase;
			buildActionMask = 2147483647;
			files = (
				64E1BDF91980E37C000183E1 /* radio_unchecked.png in Resources */,
				64E0FF6B197E056E006B78BF /* Main_iPad.storyboard in Resources */,
				64E0FF70197E056E006B78BF /* Images.xcassets in Resources */,
				64930BE719809FD1005FDD9F /* btn_no@2x.png in Resources */,
				645695211981E53000DEF14F /* selectedNo@2x.png in Resources */,
				64930BD419809FD1005FDD9F /* app_default@2x.png in Resources */,
				64930BD619809FD1005FDD9F /* bg_loading-568h@2x.png in Resources */,
				64930BD819809FD1005FDD9F /* bg_login-568h@2x.png in Resources */,
				64930BD919809FD1005FDD9F /* bg_login@2x.png in Resources */,
				6496CD951986013D002D1247 /* btn_class.png in Resources */,
				64930BDD19809FD1005FDD9F /* btn_backLogin_press@2x.png in Resources */,
				64930BDA19809FD1005FDD9F /* bg_project-568h@2x.png in Resources */,
				64930BDF19809FD1005FDD9F /* btn_class_press@2x.png in Resources */,
				64930BF119809FD1005FDD9F /* logo_404@2x.png in Resources */,
				6496CD961986013D002D1247 /* btn_info_press.png in Resources */,
				64930BE319809FD1005FDD9F /* btn_key_press@2x.png in Resources */,
				64930BF91980AD92005FDD9F /* logo_login.png in Resources */,
				64930BE419809FD1005FDD9F /* btn_key@2x.png in Resources */,
				6496CD971986013D002D1247 /* btn_info.png in Resources */,
				64E1BDF71980E37C000183E1 /* radio_checked.png in Resources */,
				6496CD941986013D002D1247 /* btn_class_press.png in Resources */,
				64930BEE19809FD1005FDD9F /* btn_yes@2x.png in Resources */,
				64930BE119809FD1005FDD9F /* btn_info_press@2x.png in Resources */,
				64930BD719809FD1005FDD9F /* bg_loading@2x.png in Resources */,
				6496CD981986013D002D1247 /* btn_key_press.png in Resources */,
				64930BEC19809FD1005FDD9F /* btn_toAbout_press@2x.png in Resources */,
				64E0FF68197E056E006B78BF /* Main_iPhone.storyboard in Resources */,
				64E1BDFA1980E37C000183E1 /* radio_unchecked@2x.png in Resources */,
				6456951A1981DF8E00DEF14F /* unSelectNo.png in Resources */,
				6456952A1982181D00DEF14F /* bg_project.png in Resources */,
				6496CD991986013D002D1247 /* btn_key.png in Resources */,
				645695241981E53000DEF14F /* unSelectYes@2x.png in Resources */,
				64930BE219809FD1005FDD9F /* btn_info@2x.png in Resources */,
				64930BE919809FD1005FDD9F /* btn_outAbout@2x.png in Resources */,
				645695161981DF8E00DEF14F /* seg-bg-defualt.png in Resources */,
				64930BF419809FD1005FDD9F /* pic_line_sawtooth@2x.png in Resources */,
				6456952B1982181D00DEF14F /* btn_backLogin.png in Resources */,
				64930BE519809FD1005FDD9F /* btn_logout_press@2x.png in Resources */,
				64930BDB19809FD1005FDD9F /* bg_project@2x.png in Resources */,
				64930BED19809FD1005FDD9F /* btn_toAbout@2x.png in Resources */,
				64930BF319809FD1005FDD9F /* pic_breakLink@2x.png in Resources */,
				64930BEF19809FD1005FDD9F /* ico_radio@2x.png in Resources */,
				64930BDE19809FD1005FDD9F /* btn_backLogin@2x.png in Resources */,
				64930BEA19809FD1005FDD9F /* btn_submit_press@2x.png in Resources */,
				64E1BDF81980E37C000183E1 /* radio_checked@2x.png in Resources */,
				645695231981E53000DEF14F /* unSelectNo@2x.png in Resources */,
				64930BDC19809FD1005FDD9F /* bg_tabbar@2x.png in Resources */,
				64E0FF5F197E056E006B78BF /* InfoPlist.strings in Resources */,
				6456951B1981DF8E00DEF14F /* unSelectYes.png in Resources */,
				64930BF019809FD1005FDD9F /* icon_radio_checked@2x.png in Resources */,
				64930BE619809FD1005FDD9F /* btn_logout@2x.png in Resources */,
				64930BD519809FD1005FDD9F /* app_mentalArithmetic@2x.png in Resources */,
				645695221981E53000DEF14F /* selectedYes@2x.png in Resources */,
				645695171981DF8E00DEF14F /* selectedNo.png in Resources */,
				64930BEB19809FD1005FDD9F /* btn_submit@2x.png in Resources */,
				645695191981DF8E00DEF14F /* selectedYes.png in Resources */,
				64930BE019809FD1005FDD9F /* btn_class@2x.png in Resources */,
				64930BF219809FD1005FDD9F /* logo_login@2x.png in Resources */,
				6456952D1982186900DEF14F /* bg_login.png in Resources */,
				64930BE819809FD1005FDD9F /* btn_outAbout_press@2x.png in Resources */,
			);
			runOnlyForDeploymentPostprocessing = 0;
		};
		64E0FF73197E056E006B78BF /* Resources */ = {
			isa = PBXResourcesBuildPhase;
			buildActionMask = 2147483647;
			files = (
				64E0FF81197E056E006B78BF /* InfoPlist.strings in Resources */,
			);
			runOnlyForDeploymentPostprocessing = 0;
		};
/* End PBXResourcesBuildPhase section */

/* Begin PBXShellScriptBuildPhase section */
		9FA582DF79B8441083EC3A36 /* Copy Pods Resources */ = {
			isa = PBXShellScriptBuildPhase;
			buildActionMask = 2147483647;
			files = (
			);
			inputPaths = (
			);
			name = "Copy Pods Resources";
			outputPaths = (
			);
			runOnlyForDeploymentPostprocessing = 0;
			shellPath = /bin/sh;
			shellScript = "\"${SRCROOT}/Pods/Pods-resources.sh\"\n";
			showEnvVarsInLog = 0;
		};
		F59D70E518F94348A0A0DDF0 /* Check Pods Manifest.lock */ = {
			isa = PBXShellScriptBuildPhase;
			buildActionMask = 2147483647;
			files = (
			);
			inputPaths = (
			);
			name = "Check Pods Manifest.lock";
			outputPaths = (
			);
			runOnlyForDeploymentPostprocessing = 0;
			shellPath = /bin/sh;
			shellScript = "diff \"${PODS_ROOT}/../Podfile.lock\" \"${PODS_ROOT}/Manifest.lock\" > /dev/null\nif [[ $? != 0 ]] ; then\n    cat << EOM\nerror: The sandbox is not in sync with the Podfile.lock. Run 'pod install' or update your CocoaPods installation.\nEOM\n    exit 1\nfi\n";
			showEnvVarsInLog = 0;
		};
/* End PBXShellScriptBuildPhase section */

/* Begin PBXSourcesBuildPhase section */
		64E0FF4D197E056E006B78BF /* Sources */ = {
			isa = PBXSourcesBuildPhase;
			buildActionMask = 2147483647;
			files = (
				645A2A90197F4D500066C901 /* LoginViewController.m in Sources */,
				645AD9C719808A83002389D9 /* UserModel.m in Sources */,
				6456950E1981DD9400DEF14F /* CQSegmentControl.m in Sources */,
				64E0FF6E197E056E006B78BF /* ViewController.m in Sources */,
				64E0FF65197E056E006B78BF /* AppDelegate.m in Sources */,
				64FA0E3919889D37001A1E0E /* DZNavigationController.m in Sources */,
				64FA0E3C19889DCC001A1E0E /* DZMenuViewController.m in Sources */,
				645695271982156800DEF14F /* AppCenterViewController.m in Sources */,
				64930BF71980A895005FDD9F /* AboutUsViewController.m in Sources */,
				64FA0E3619889BA1001A1E0E /* RootViewController.m in Sources */,
				64E1BDF61980E37C000183E1 /* QRadioButton.m in Sources */,
				64930BB119809CF0005FDD9F /* RegisterViewController.m in Sources */,
				64E0FF61197E056E006B78BF /* main.m in Sources */,
				645AD9CA19808AFC002389D9 /* UserViewModel.m in Sources */,
				64E1BDEF1980DD1A000183E1 /* InsetsTextField.m in Sources */,
			);
			runOnlyForDeploymentPostprocessing = 0;
		};
		64E0FF71197E056E006B78BF /* Sources */ = {
			isa = PBXSourcesBuildPhase;
			buildActionMask = 2147483647;
			files = (
				64E0FF83197E056E006B78BF /* InverseLearnTests.m in Sources */,
			);
			runOnlyForDeploymentPostprocessing = 0;
		};
/* End PBXSourcesBuildPhase section */

/* Begin PBXTargetDependency section */
		64E0FF7B197E056E006B78BF /* PBXTargetDependency */ = {
			isa = PBXTargetDependency;
			target = 64E0FF50197E056E006B78BF /* InverseLearn */;
			targetProxy = 64E0FF7A197E056E006B78BF /* PBXContainerItemProxy */;
		};
/* End PBXTargetDependency section */

/* Begin PBXVariantGroup section */
		64E0FF5D197E056E006B78BF /* InfoPlist.strings */ = {
			isa = PBXVariantGroup;
			children = (
				64E0FF5E197E056E006B78BF /* en */,
			);
			name = InfoPlist.strings;
			sourceTree = "<group>";
		};
		64E0FF66197E056E006B78BF /* Main_iPhone.storyboard */ = {
			isa = PBXVariantGroup;
			children = (
				64E0FF67197E056E006B78BF /* Base */,
			);
			name = Main_iPhone.storyboard;
			sourceTree = "<group>";
		};
		64E0FF69197E056E006B78BF /* Main_iPad.storyboard */ = {
			isa = PBXVariantGroup;
			children = (
				64E0FF6A197E056E006B78BF /* Base */,
			);
			name = Main_iPad.storyboard;
			sourceTree = "<group>";
		};
		64E0FF7F197E056E006B78BF /* InfoPlist.strings */ = {
			isa = PBXVariantGroup;
			children = (
				64E0FF80197E056E006B78BF /* en */,
			);
			name = InfoPlist.strings;
			sourceTree = "<group>";
		};
/* End PBXVariantGroup section */

/* Begin XCBuildConfiguration section */
		64E0FF84197E056E006B78BF /* Debug */ = {
			isa = XCBuildConfiguration;
			buildSettings = {
				ALWAYS_SEARCH_USER_PATHS = NO;
				CLANG_CXX_LANGUAGE_STANDARD = "gnu++0x";
				CLANG_CXX_LIBRARY = "libc++";
				CLANG_ENABLE_MODULES = YES;
				CLANG_ENABLE_OBJC_ARC = YES;
				CLANG_WARN_BOOL_CONVERSION = YES;
				CLANG_WARN_CONSTANT_CONVERSION = YES;
				CLANG_WARN_DIRECT_OBJC_ISA_USAGE = YES_ERROR;
				CLANG_WARN_EMPTY_BODY = YES;
				CLANG_WARN_ENUM_CONVERSION = YES;
				CLANG_WARN_INT_CONVERSION = YES;
				CLANG_WARN_OBJC_ROOT_CLASS = YES_ERROR;
				CLANG_WARN__DUPLICATE_METHOD_MATCH = YES;
				"CODE_SIGN_IDENTITY[sdk=iphoneos*]" = "iPhone Developer";
				COPY_PHASE_STRIP = NO;
				GCC_C_LANGUAGE_STANDARD = gnu99;
				GCC_DYNAMIC_NO_PIC = NO;
				GCC_OPTIMIZATION_LEVEL = 0;
				GCC_PREPROCESSOR_DEFINITIONS = (
					"DEBUG=1",
					"$(inherited)",
				);
				GCC_SYMBOLS_PRIVATE_EXTERN = NO;
				GCC_WARN_64_TO_32_BIT_CONVERSION = YES;
				GCC_WARN_ABOUT_RETURN_TYPE = YES_ERROR;
				GCC_WARN_UNDECLARED_SELECTOR = YES;
				GCC_WARN_UNINITIALIZED_AUTOS = YES_AGGRESSIVE;
				GCC_WARN_UNUSED_FUNCTION = YES;
				GCC_WARN_UNUSED_VARIABLE = YES;
				IPHONEOS_DEPLOYMENT_TARGET = 7.1;
				ONLY_ACTIVE_ARCH = YES;
				SDKROOT = iphoneos;
				TARGETED_DEVICE_FAMILY = "1,2";
			};
			name = Debug;
		};
		64E0FF85197E056E006B78BF /* Release */ = {
			isa = XCBuildConfiguration;
			buildSettings = {
				ALWAYS_SEARCH_USER_PATHS = NO;
				CLANG_CXX_LANGUAGE_STANDARD = "gnu++0x";
				CLANG_CXX_LIBRARY = "libc++";
				CLANG_ENABLE_MODULES = YES;
				CLANG_ENABLE_OBJC_ARC = YES;
				CLANG_WARN_BOOL_CONVERSION = YES;
				CLANG_WARN_CONSTANT_CONVERSION = YES;
				CLANG_WARN_DIRECT_OBJC_ISA_USAGE = YES_ERROR;
				CLANG_WARN_EMPTY_BODY = YES;
				CLANG_WARN_ENUM_CONVERSION = YES;
				CLANG_WARN_INT_CONVERSION = YES;
				CLANG_WARN_OBJC_ROOT_CLASS = YES_ERROR;
				CLANG_WARN__DUPLICATE_METHOD_MATCH = YES;
				"CODE_SIGN_IDENTITY[sdk=iphoneos*]" = "iPhone Developer";
				COPY_PHASE_STRIP = YES;
				ENABLE_NS_ASSERTIONS = NO;
				GCC_C_LANGUAGE_STANDARD = gnu99;
				GCC_WARN_64_TO_32_BIT_CONVERSION = YES;
				GCC_WARN_ABOUT_RETURN_TYPE = YES_ERROR;
				GCC_WARN_UNDECLARED_SELECTOR = YES;
				GCC_WARN_UNINITIALIZED_AUTOS = YES_AGGRESSIVE;
				GCC_WARN_UNUSED_FUNCTION = YES;
				GCC_WARN_UNUSED_VARIABLE = YES;
				IPHONEOS_DEPLOYMENT_TARGET = 7.1;
				SDKROOT = iphoneos;
				TARGETED_DEVICE_FAMILY = "1,2";
				VALIDATE_PRODUCT = YES;
			};
			name = Release;
		};
		64E0FF87197E056E006B78BF /* Debug */ = {
			isa = XCBuildConfiguration;
			baseConfigurationReference = 3FE7A09A5397454781D9C1FE /* Pods.xcconfig */;
			buildSettings = {
				ASSETCATALOG_COMPILER_APPICON_NAME = AppIcon;
				ASSETCATALOG_COMPILER_LAUNCHIMAGE_NAME = LaunchImage;
				CODE_SIGN_IDENTITY = "iPhone Developer: feng baojun (YQZU449UGF)";
				"CODE_SIGN_IDENTITY[sdk=iphoneos*]" = "iPhone Developer: feng baojun (YQZU449UGF)";
				GCC_PRECOMPILE_PREFIX_HEADER = YES;
				GCC_PREFIX_HEADER = "InverseLearn/InverseLearn-Prefix.pch";
				INFOPLIST_FILE = "InverseLearn/InverseLearn-Info.plist";
				IPHONEOS_DEPLOYMENT_TARGET = 6.0;
				LIBRARY_SEARCH_PATHS = (
					"$(inherited)",
					"$(PROJECT_DIR)/Pods/build/Debug-iphoneos",
				);
				PRODUCT_NAME = "$(TARGET_NAME)";
				PROVISIONING_PROFILE = "";
				WRAPPER_EXTENSION = app;
			};
			name = Debug;
		};
		64E0FF88197E056E006B78BF /* Release */ = {
			isa = XCBuildConfiguration;
			baseConfigurationReference = 3FE7A09A5397454781D9C1FE /* Pods.xcconfig */;
			buildSettings = {
				ASSETCATALOG_COMPILER_APPICON_NAME = AppIcon;
				ASSETCATALOG_COMPILER_LAUNCHIMAGE_NAME = LaunchImage;
				CODE_SIGN_IDENTITY = "iPhone Developer: feng baojun (YQZU449UGF)";
				"CODE_SIGN_IDENTITY[sdk=iphoneos*]" = "iPhone Developer: feng baojun (YQZU449UGF)";
				GCC_PRECOMPILE_PREFIX_HEADER = YES;
				GCC_PREFIX_HEADER = "InverseLearn/InverseLearn-Prefix.pch";
				INFOPLIST_FILE = "InverseLearn/InverseLearn-Info.plist";
				IPHONEOS_DEPLOYMENT_TARGET = 6.0;
				LIBRARY_SEARCH_PATHS = (
					"$(inherited)",
					"$(PROJECT_DIR)/Pods/build/Debug-iphoneos",
				);
				PRODUCT_NAME = "$(TARGET_NAME)";
				PROVISIONING_PROFILE = "";
				WRAPPER_EXTENSION = app;
			};
			name = Release;
		};
		64E0FF8A197E056E006B78BF /* Debug */ = {
			isa = XCBuildConfiguration;
			buildSettings = {
				BUNDLE_LOADER = "$(BUILT_PRODUCTS_DIR)/InverseLearn.app/InverseLearn";
				FRAMEWORK_SEARCH_PATHS = (
					"$(SDKROOT)/Developer/Library/Frameworks",
					"$(inherited)",
					"$(DEVELOPER_FRAMEWORKS_DIR)",
				);
				GCC_PRECOMPILE_PREFIX_HEADER = YES;
				GCC_PREFIX_HEADER = "InverseLearn/InverseLearn-Prefix.pch";
				GCC_PREPROCESSOR_DEFINITIONS = (
					"DEBUG=1",
					"$(inherited)",
				);
				INFOPLIST_FILE = "InverseLearnTests/InverseLearnTests-Info.plist";
				PRODUCT_NAME = "$(TARGET_NAME)";
				TEST_HOST = "$(BUNDLE_LOADER)";
				WRAPPER_EXTENSION = xctest;
			};
			name = Debug;
		};
		64E0FF8B197E056E006B78BF /* Release */ = {
			isa = XCBuildConfiguration;
			buildSettings = {
				BUNDLE_LOADER = "$(BUILT_PRODUCTS_DIR)/InverseLearn.app/InverseLearn";
				FRAMEWORK_SEARCH_PATHS = (
					"$(SDKROOT)/Developer/Library/Frameworks",
					"$(inherited)",
					"$(DEVELOPER_FRAMEWORKS_DIR)",
				);
				GCC_PRECOMPILE_PREFIX_HEADER = YES;
				GCC_PREFIX_HEADER = "InverseLearn/InverseLearn-Prefix.pch";
				INFOPLIST_FILE = "InverseLearnTests/InverseLearnTests-Info.plist";
				PRODUCT_NAME = "$(TARGET_NAME)";
				TEST_HOST = "$(BUNDLE_LOADER)";
				WRAPPER_EXTENSION = xctest;
			};
			name = Release;
		};
/* End XCBuildConfiguration section */

/* Begin XCConfigurationList section */
		64E0FF4C197E056E006B78BF /* Build configuration list for PBXProject "InverseLearn" */ = {
			isa = XCConfigurationList;
			buildConfigurations = (
				64E0FF84197E056E006B78BF /* Debug */,
				64E0FF85197E056E006B78BF /* Release */,
			);
			defaultConfigurationIsVisible = 0;
			defaultConfigurationName = Release;
		};
		64E0FF86197E056E006B78BF /* Build configuration list for PBXNativeTarget "InverseLearn" */ = {
			isa = XCConfigurationList;
			buildConfigurations = (
				64E0FF87197E056E006B78BF /* Debug */,
				64E0FF88197E056E006B78BF /* Release */,
			);
			defaultConfigurationIsVisible = 0;
			defaultConfigurationName = Release;
		};
		64E0FF89197E056E006B78BF /* Build configuration list for PBXNativeTarget "InverseLearnTests" */ = {
			isa = XCConfigurationList;
			buildConfigurations = (
				64E0FF8A197E056E006B78BF /* Debug */,
				64E0FF8B197E056E006B78BF /* Release */,
			);
			defaultConfigurationIsVisible = 0;
			defaultConfigurationName = Release;
		};
/* End XCConfigurationList section */
	};
	rootObject = 64E0FF49197E056E006B78BF /* Project object */;
}
